// !$*UTF8*$!
{
	archiveVersion = 1;
	classes = {
	};
	objectVersion = 50;
	objects = {

/* Begin PBXBuildFile section */
		07478FBA71C49DEDA2111614 /* libPods-WeexBox.a in Frameworks */ = {isa = PBXBuildFile; fileRef = 30F2EEC147C70428EA946A86 /* libPods-WeexBox.a */; };
		AC070F9821354D8900D4E314 /* UIApplication+WeexBox.swift in Sources */ = {isa = PBXBuildFile; fileRef = AC070F9721354D8900D4E314 /* UIApplication+WeexBox.swift */; };
		AC070F9C21354E2F00D4E314 /* WXRefreshPlugin.m in Sources */ = {isa = PBXBuildFile; fileRef = AC070F9921354E2F00D4E314 /* WXRefreshPlugin.m */; };
		AC070F9D21354E2F00D4E314 /* WXRefreshPlugin.h in Headers */ = {isa = PBXBuildFile; fileRef = AC070F9A21354E2F00D4E314 /* WXRefreshPlugin.h */; settings = {ATTRIBUTES = (Public, ); }; };
		AC070F9E21354E2F00D4E314 /* WXRefreshPlugin.swift in Sources */ = {isa = PBXBuildFile; fileRef = AC070F9B21354E2F00D4E314 /* WXRefreshPlugin.swift */; };
		AC41388D2190458E00A2B887 /* AssistveButton.swift in Sources */ = {isa = PBXBuildFile; fileRef = AC41388C2190458E00A2B887 /* AssistveButton.swift */; };
		AC43949A217EDA5A007419E8 /* UIImage+WeexBox.swift in Sources */ = {isa = PBXBuildFile; fileRef = AC439499217EDA59007419E8 /* UIImage+WeexBox.swift */; };
		AC54342A2111B5A3005B7056 /* WeexBox.h in Headers */ = {isa = PBXBuildFile; fileRef = AC5434282111B5A3005B7056 /* WeexBox.h */; settings = {ATTRIBUTES = (Public, ); }; };
		AC5434312111BBCC005B7056 /* WeexBoxEngine.swift in Sources */ = {isa = PBXBuildFile; fileRef = AC5434302111BBCC005B7056 /* WeexBoxEngine.swift */; };
		AC54343D2111D2DD005B7056 /* WBWeexViewController.swift in Sources */ = {isa = PBXBuildFile; fileRef = AC54343C2111D2DD005B7056 /* WBWeexViewController.swift */; };
		AC5434412112DAD6005B7056 /* Log.h in Headers */ = {isa = PBXBuildFile; fileRef = AC54343F2112DAD6005B7056 /* Log.h */; settings = {ATTRIBUTES = (Public, ); }; };
		AC5434422112DAD6005B7056 /* Log.m in Sources */ = {isa = PBXBuildFile; fileRef = AC5434402112DAD6005B7056 /* Log.m */; };
		AC5CBBCC211C355B00A4FBCD /* RouterModule.m in Sources */ = {isa = PBXBuildFile; fileRef = AC5CBBC8211C355B00A4FBCD /* RouterModule.m */; };
		AC5CBBCE211C355B00A4FBCD /* RouterModule.h in Headers */ = {isa = PBXBuildFile; fileRef = AC5CBBCA211C355B00A4FBCD /* RouterModule.h */; settings = {ATTRIBUTES = (Public, ); }; };
		AC5CBBD3211C3BF400A4FBCD /* UpdateMd5.swift in Sources */ = {isa = PBXBuildFile; fileRef = AC5CBBD0211C3BF400A4FBCD /* UpdateMd5.swift */; };
		AC5CBBD4211C3BF400A4FBCD /* UpdateManager.swift in Sources */ = {isa = PBXBuildFile; fileRef = AC5CBBD1211C3BF400A4FBCD /* UpdateManager.swift */; };
		AC5CBBD5211C3BF400A4FBCD /* UpdateConfig.swift in Sources */ = {isa = PBXBuildFile; fileRef = AC5CBBD2211C3BF400A4FBCD /* UpdateConfig.swift */; };
		AC5CBBD7211C485000A4FBCD /* WBNavigationController.swift in Sources */ = {isa = PBXBuildFile; fileRef = AC5CBBD6211C485000A4FBCD /* WBNavigationController.swift */; };
		AC5CBBDC211D677C00A4FBCD /* NavigatorModule.h in Headers */ = {isa = PBXBuildFile; fileRef = AC5CBBD9211D677C00A4FBCD /* NavigatorModule.h */; settings = {ATTRIBUTES = (Public, ); }; };
		AC5CBBDD211D677C00A4FBCD /* NavigatorModule.m in Sources */ = {isa = PBXBuildFile; fileRef = AC5CBBDA211D677C00A4FBCD /* NavigatorModule.m */; };
		AC5CBBE02121320400A4FBCD /* WBBaseViewController.swift in Sources */ = {isa = PBXBuildFile; fileRef = AC5CBBDF2121320400A4FBCD /* WBBaseViewController.swift */; };
		AC5CBBE22121345400A4FBCD /* Router.swift in Sources */ = {isa = PBXBuildFile; fileRef = AC5CBBE12121345400A4FBCD /* Router.swift */; };
		AC5CBBE42121363500A4FBCD /* RouterModule.swift in Sources */ = {isa = PBXBuildFile; fileRef = AC5CBBE32121363500A4FBCD /* RouterModule.swift */; };
		AC5CBBE621218B3200A4FBCD /* WBWebViewController.swift in Sources */ = {isa = PBXBuildFile; fileRef = AC5CBBE521218B3200A4FBCD /* WBWebViewController.swift */; };
		AC5CBBEA2127C40F00A4FBCD /* Result.swift in Sources */ = {isa = PBXBuildFile; fileRef = AC5CBBE92127C40F00A4FBCD /* Result.swift */; };
		AC5CBBED2127D0EB00A4FBCD /* NetworkModule.swift in Sources */ = {isa = PBXBuildFile; fileRef = AC5CBBEC2127D0EB00A4FBCD /* NetworkModule.swift */; };
		AC5CBBF02127D10F00A4FBCD /* NetworkModule.h in Headers */ = {isa = PBXBuildFile; fileRef = AC5CBBEE2127D10F00A4FBCD /* NetworkModule.h */; settings = {ATTRIBUTES = (Public, ); }; };
		AC5CBBF12127D10F00A4FBCD /* NetworkModule.m in Sources */ = {isa = PBXBuildFile; fileRef = AC5CBBEF2127D10F00A4FBCD /* NetworkModule.m */; };
		AC5CBBF42127D87500A4FBCD /* Network.swift in Sources */ = {isa = PBXBuildFile; fileRef = AC5CBBF32127D87500A4FBCD /* Network.swift */; };
		AC5CBBF6212A932B00A4FBCD /* UploadFile.swift in Sources */ = {isa = PBXBuildFile; fileRef = AC5CBBF5212A932B00A4FBCD /* UploadFile.swift */; };
		AC5CBBF8212AAE5900A4FBCD /* JsOptions.swift in Sources */ = {isa = PBXBuildFile; fileRef = AC5CBBF7212AAE5900A4FBCD /* JsOptions.swift */; };
		AC5CBBFD212AB6EE00A4FBCD /* ModalModule.h in Headers */ = {isa = PBXBuildFile; fileRef = AC5CBBFA212AB6EE00A4FBCD /* ModalModule.h */; settings = {ATTRIBUTES = (Public, ); }; };
		AC5CBBFE212AB6EE00A4FBCD /* ModalModule.swift in Sources */ = {isa = PBXBuildFile; fileRef = AC5CBBFB212AB6EE00A4FBCD /* ModalModule.swift */; };
		AC5CBBFF212AB6EE00A4FBCD /* ModalModule.m in Sources */ = {isa = PBXBuildFile; fileRef = AC5CBBFC212AB6EE00A4FBCD /* ModalModule.m */; };
		AC5CBC06212BCBC400A4FBCD /* BaseModule.h in Headers */ = {isa = PBXBuildFile; fileRef = AC5CBC04212BCBC400A4FBCD /* BaseModule.h */; settings = {ATTRIBUTES = (Public, ); }; };
		AC5CBC07212BCBC400A4FBCD /* BaseModule.m in Sources */ = {isa = PBXBuildFile; fileRef = AC5CBC05212BCBC400A4FBCD /* BaseModule.m */; };
		AC5CBC09212BCC1800A4FBCD /* BaseModule.swift in Sources */ = {isa = PBXBuildFile; fileRef = AC5CBC08212BCC1800A4FBCD /* BaseModule.swift */; };
		AC5CBC14212D1D2A00A4FBCD /* ExternalModule.m in Sources */ = {isa = PBXBuildFile; fileRef = AC5CBC11212D1D2A00A4FBCD /* ExternalModule.m */; };
		AC5CBC15212D1D2A00A4FBCD /* ExternalModule.h in Headers */ = {isa = PBXBuildFile; fileRef = AC5CBC12212D1D2A00A4FBCD /* ExternalModule.h */; settings = {ATTRIBUTES = (Public, ); }; };
		AC5CBC16212D1D2A00A4FBCD /* ExternalModule.swift in Sources */ = {isa = PBXBuildFile; fileRef = AC5CBC13212D1D2A00A4FBCD /* ExternalModule.swift */; };
		AC5CBC18212D1EC100A4FBCD /* External.swift in Sources */ = {isa = PBXBuildFile; fileRef = AC5CBC17212D1EC100A4FBCD /* External.swift */; };
		AC5CBC1A212D601500A4FBCD /* libsqlite3.tbd in Frameworks */ = {isa = PBXBuildFile; fileRef = AC5CBC19212D601500A4FBCD /* libsqlite3.tbd */; };
		AC5CBC1E212D616800A4FBCD /* ImageHander.h in Headers */ = {isa = PBXBuildFile; fileRef = AC5CBC1C212D616800A4FBCD /* ImageHander.h */; settings = {ATTRIBUTES = (Public, ); }; };
		AC5CBC1F212D616800A4FBCD /* ImageHander.m in Sources */ = {isa = PBXBuildFile; fileRef = AC5CBC1D212D616800A4FBCD /* ImageHander.m */; };
		AC5CBC25212D67C300A4FBCD /* NavigatorModule.swift in Sources */ = {isa = PBXBuildFile; fileRef = AC5CBC24212D67C300A4FBCD /* NavigatorModule.swift */; };
		AC5CBC28212FEA5F00A4FBCD /* Event.swift in Sources */ = {isa = PBXBuildFile; fileRef = AC5CBC27212FEA5F00A4FBCD /* Event.swift */; };
		AC5CBC2D212FF49500A4FBCD /* EventModule.h in Headers */ = {isa = PBXBuildFile; fileRef = AC5CBC2A212FF49500A4FBCD /* EventModule.h */; settings = {ATTRIBUTES = (Public, ); }; };
		AC5CBC2E212FF49500A4FBCD /* EventModule.m in Sources */ = {isa = PBXBuildFile; fileRef = AC5CBC2B212FF49500A4FBCD /* EventModule.m */; };
		AC5CBC2F212FF49500A4FBCD /* EventModule.swift in Sources */ = {isa = PBXBuildFile; fileRef = AC5CBC2C212FF49500A4FBCD /* EventModule.swift */; };
		AC5CBC342133957F00A4FBCD /* LocationModule.h in Headers */ = {isa = PBXBuildFile; fileRef = AC5CBC312133957F00A4FBCD /* LocationModule.h */; settings = {ATTRIBUTES = (Public, ); }; };
		AC5CBC352133957F00A4FBCD /* LocationModule.m in Sources */ = {isa = PBXBuildFile; fileRef = AC5CBC322133957F00A4FBCD /* LocationModule.m */; };
		AC5CBC362133957F00A4FBCD /* LocationModule.swift in Sources */ = {isa = PBXBuildFile; fileRef = AC5CBC332133957F00A4FBCD /* LocationModule.swift */; };
		AC70278D213FAED700B069F1 /* Component.swift in Sources */ = {isa = PBXBuildFile; fileRef = AC70278C213FAED700B069F1 /* Component.swift */; };
		AC7579992188563900919B7E /* HUD.swift in Sources */ = {isa = PBXBuildFile; fileRef = AC7579982188563900919B7E /* HUD.swift */; };
		AC9CE86E2133F2D5007EF7F2 /* WBScannerViewController.swift in Sources */ = {isa = PBXBuildFile; fileRef = AC9CE86D2133F2D5007EF7F2 /* WBScannerViewController.swift */; };
		AC9CE87421340A59007EF7F2 /* WXScanPlugin.swift in Sources */ = {isa = PBXBuildFile; fileRef = AC9CE87321340A59007EF7F2 /* WXScanPlugin.swift */; };
		AC9CE89A2134F91E007EF7F2 /* String+WeexBox.swift in Sources */ = {isa = PBXBuildFile; fileRef = AC9CE8992134F91E007EF7F2 /* String+WeexBox.swift */; };
		ACB6F0CC21901F7B001D39D4 /* DebugWeex.swift in Sources */ = {isa = PBXBuildFile; fileRef = ACB6F0CB21901F7B001D39D4 /* DebugWeex.swift */; };
		ACE49D9121A5612100340A41 /* BaseComponent.swift in Sources */ = {isa = PBXBuildFile; fileRef = ACE49D9021A5612100340A41 /* BaseComponent.swift */; };
/* End PBXBuildFile section */

/* Begin PBXFileReference section */
		1557BC57E5295E8A7176AE33 /* Pods-WeexBox.debug.xcconfig */ = {isa = PBXFileReference; includeInIndex = 1; lastKnownFileType = text.xcconfig; name = "Pods-WeexBox.debug.xcconfig"; path = "Pods/Target Support Files/Pods-WeexBox/Pods-WeexBox.debug.xcconfig"; sourceTree = "<group>"; };
		30F2EEC147C70428EA946A86 /* libPods-WeexBox.a */ = {isa = PBXFileReference; explicitFileType = archive.ar; includeInIndex = 0; path = "libPods-WeexBox.a"; sourceTree = BUILT_PRODUCTS_DIR; };
		470306F86FB9853839FE2D19 /* Pods-WeexBox.release.xcconfig */ = {isa = PBXFileReference; includeInIndex = 1; lastKnownFileType = text.xcconfig; name = "Pods-WeexBox.release.xcconfig"; path = "Pods/Target Support Files/Pods-WeexBox/Pods-WeexBox.release.xcconfig"; sourceTree = "<group>"; };
		AC070F9721354D8900D4E314 /* UIApplication+WeexBox.swift */ = {isa = PBXFileReference; lastKnownFileType = sourcecode.swift; path = "UIApplication+WeexBox.swift"; sourceTree = "<group>"; };
		AC070F9921354E2F00D4E314 /* WXRefreshPlugin.m */ = {isa = PBXFileReference; fileEncoding = 4; lastKnownFileType = sourcecode.c.objc; path = WXRefreshPlugin.m; sourceTree = "<group>"; };
		AC070F9A21354E2F00D4E314 /* WXRefreshPlugin.h */ = {isa = PBXFileReference; fileEncoding = 4; lastKnownFileType = sourcecode.c.h; path = WXRefreshPlugin.h; sourceTree = "<group>"; };
		AC070F9B21354E2F00D4E314 /* WXRefreshPlugin.swift */ = {isa = PBXFileReference; fileEncoding = 4; lastKnownFileType = sourcecode.swift; path = WXRefreshPlugin.swift; sourceTree = "<group>"; };
		AC41388C2190458E00A2B887 /* AssistveButton.swift */ = {isa = PBXFileReference; fileEncoding = 4; lastKnownFileType = sourcecode.swift; path = AssistveButton.swift; sourceTree = "<group>"; };
		AC439499217EDA59007419E8 /* UIImage+WeexBox.swift */ = {isa = PBXFileReference; lastKnownFileType = sourcecode.swift; path = "UIImage+WeexBox.swift"; sourceTree = "<group>"; };
		AC5434252111B5A3005B7056 /* WeexBox.framework */ = {isa = PBXFileReference; explicitFileType = wrapper.framework; includeInIndex = 0; path = WeexBox.framework; sourceTree = BUILT_PRODUCTS_DIR; };
		AC5434282111B5A3005B7056 /* WeexBox.h */ = {isa = PBXFileReference; lastKnownFileType = sourcecode.c.h; path = WeexBox.h; sourceTree = "<group>"; };
		AC5434292111B5A3005B7056 /* Info.plist */ = {isa = PBXFileReference; lastKnownFileType = text.plist.xml; path = Info.plist; sourceTree = "<group>"; };
		AC5434302111BBCC005B7056 /* WeexBoxEngine.swift */ = {isa = PBXFileReference; lastKnownFileType = sourcecode.swift; path = WeexBoxEngine.swift; sourceTree = "<group>"; };
		AC54343C2111D2DD005B7056 /* WBWeexViewController.swift */ = {isa = PBXFileReference; lastKnownFileType = sourcecode.swift; path = WBWeexViewController.swift; sourceTree = "<group>"; };
		AC54343F2112DAD6005B7056 /* Log.h */ = {isa = PBXFileReference; lastKnownFileType = sourcecode.c.h; path = Log.h; sourceTree = "<group>"; };
		AC5434402112DAD6005B7056 /* Log.m */ = {isa = PBXFileReference; lastKnownFileType = sourcecode.c.objc; path = Log.m; sourceTree = "<group>"; };
		AC5CBBC8211C355B00A4FBCD /* RouterModule.m */ = {isa = PBXFileReference; fileEncoding = 4; lastKnownFileType = sourcecode.c.objc; path = RouterModule.m; sourceTree = "<group>"; };
		AC5CBBCA211C355B00A4FBCD /* RouterModule.h */ = {isa = PBXFileReference; fileEncoding = 4; lastKnownFileType = sourcecode.c.h; path = RouterModule.h; sourceTree = "<group>"; };
		AC5CBBD0211C3BF400A4FBCD /* UpdateMd5.swift */ = {isa = PBXFileReference; fileEncoding = 4; lastKnownFileType = sourcecode.swift; path = UpdateMd5.swift; sourceTree = "<group>"; };
		AC5CBBD1211C3BF400A4FBCD /* UpdateManager.swift */ = {isa = PBXFileReference; fileEncoding = 4; lastKnownFileType = sourcecode.swift; path = UpdateManager.swift; sourceTree = "<group>"; };
		AC5CBBD2211C3BF400A4FBCD /* UpdateConfig.swift */ = {isa = PBXFileReference; fileEncoding = 4; lastKnownFileType = sourcecode.swift; path = UpdateConfig.swift; sourceTree = "<group>"; };
		AC5CBBD6211C485000A4FBCD /* WBNavigationController.swift */ = {isa = PBXFileReference; lastKnownFileType = sourcecode.swift; path = WBNavigationController.swift; sourceTree = "<group>"; };
		AC5CBBD9211D677C00A4FBCD /* NavigatorModule.h */ = {isa = PBXFileReference; fileEncoding = 4; lastKnownFileType = sourcecode.c.h; path = NavigatorModule.h; sourceTree = "<group>"; };
		AC5CBBDA211D677C00A4FBCD /* NavigatorModule.m */ = {isa = PBXFileReference; fileEncoding = 4; lastKnownFileType = sourcecode.c.objc; path = NavigatorModule.m; sourceTree = "<group>"; };
		AC5CBBDF2121320400A4FBCD /* WBBaseViewController.swift */ = {isa = PBXFileReference; lastKnownFileType = sourcecode.swift; path = WBBaseViewController.swift; sourceTree = "<group>"; };
		AC5CBBE12121345400A4FBCD /* Router.swift */ = {isa = PBXFileReference; lastKnownFileType = sourcecode.swift; path = Router.swift; sourceTree = "<group>"; };
		AC5CBBE32121363500A4FBCD /* RouterModule.swift */ = {isa = PBXFileReference; lastKnownFileType = sourcecode.swift; path = RouterModule.swift; sourceTree = "<group>"; };
		AC5CBBE521218B3200A4FBCD /* WBWebViewController.swift */ = {isa = PBXFileReference; lastKnownFileType = sourcecode.swift; path = WBWebViewController.swift; sourceTree = "<group>"; };
		AC5CBBE92127C40F00A4FBCD /* Result.swift */ = {isa = PBXFileReference; lastKnownFileType = sourcecode.swift; path = Result.swift; sourceTree = "<group>"; };
		AC5CBBEC2127D0EB00A4FBCD /* NetworkModule.swift */ = {isa = PBXFileReference; lastKnownFileType = sourcecode.swift; path = NetworkModule.swift; sourceTree = "<group>"; };
		AC5CBBEE2127D10F00A4FBCD /* NetworkModule.h */ = {isa = PBXFileReference; lastKnownFileType = sourcecode.c.h; path = NetworkModule.h; sourceTree = "<group>"; };
		AC5CBBEF2127D10F00A4FBCD /* NetworkModule.m */ = {isa = PBXFileReference; lastKnownFileType = sourcecode.c.objc; path = NetworkModule.m; sourceTree = "<group>"; };
		AC5CBBF32127D87500A4FBCD /* Network.swift */ = {isa = PBXFileReference; lastKnownFileType = sourcecode.swift; path = Network.swift; sourceTree = "<group>"; };
		AC5CBBF5212A932B00A4FBCD /* UploadFile.swift */ = {isa = PBXFileReference; lastKnownFileType = sourcecode.swift; path = UploadFile.swift; sourceTree = "<group>"; };
		AC5CBBF7212AAE5900A4FBCD /* JsOptions.swift */ = {isa = PBXFileReference; lastKnownFileType = sourcecode.swift; path = JsOptions.swift; sourceTree = "<group>"; };
		AC5CBBFA212AB6EE00A4FBCD /* ModalModule.h */ = {isa = PBXFileReference; fileEncoding = 4; lastKnownFileType = sourcecode.c.h; path = ModalModule.h; sourceTree = "<group>"; };
		AC5CBBFB212AB6EE00A4FBCD /* ModalModule.swift */ = {isa = PBXFileReference; fileEncoding = 4; lastKnownFileType = sourcecode.swift; path = ModalModule.swift; sourceTree = "<group>"; };
		AC5CBBFC212AB6EE00A4FBCD /* ModalModule.m */ = {isa = PBXFileReference; fileEncoding = 4; lastKnownFileType = sourcecode.c.objc; path = ModalModule.m; sourceTree = "<group>"; };
		AC5CBC04212BCBC400A4FBCD /* BaseModule.h */ = {isa = PBXFileReference; lastKnownFileType = sourcecode.c.h; path = BaseModule.h; sourceTree = "<group>"; };
		AC5CBC05212BCBC400A4FBCD /* BaseModule.m */ = {isa = PBXFileReference; lastKnownFileType = sourcecode.c.objc; path = BaseModule.m; sourceTree = "<group>"; };
		AC5CBC08212BCC1800A4FBCD /* BaseModule.swift */ = {isa = PBXFileReference; lastKnownFileType = sourcecode.swift; path = BaseModule.swift; sourceTree = "<group>"; };
		AC5CBC11212D1D2A00A4FBCD /* ExternalModule.m */ = {isa = PBXFileReference; fileEncoding = 4; lastKnownFileType = sourcecode.c.objc; path = ExternalModule.m; sourceTree = "<group>"; };
		AC5CBC12212D1D2A00A4FBCD /* ExternalModule.h */ = {isa = PBXFileReference; fileEncoding = 4; lastKnownFileType = sourcecode.c.h; path = ExternalModule.h; sourceTree = "<group>"; };
		AC5CBC13212D1D2A00A4FBCD /* ExternalModule.swift */ = {isa = PBXFileReference; fileEncoding = 4; lastKnownFileType = sourcecode.swift; path = ExternalModule.swift; sourceTree = "<group>"; };
		AC5CBC17212D1EC100A4FBCD /* External.swift */ = {isa = PBXFileReference; lastKnownFileType = sourcecode.swift; path = External.swift; sourceTree = "<group>"; };
		AC5CBC19212D601500A4FBCD /* libsqlite3.tbd */ = {isa = PBXFileReference; lastKnownFileType = "sourcecode.text-based-dylib-definition"; name = libsqlite3.tbd; path = usr/lib/libsqlite3.tbd; sourceTree = SDKROOT; };
		AC5CBC1C212D616800A4FBCD /* ImageHander.h */ = {isa = PBXFileReference; fileEncoding = 4; lastKnownFileType = sourcecode.c.h; path = ImageHander.h; sourceTree = "<group>"; };
		AC5CBC1D212D616800A4FBCD /* ImageHander.m */ = {isa = PBXFileReference; fileEncoding = 4; lastKnownFileType = sourcecode.c.objc; path = ImageHander.m; sourceTree = "<group>"; };
		AC5CBC24212D67C300A4FBCD /* NavigatorModule.swift */ = {isa = PBXFileReference; lastKnownFileType = sourcecode.swift; path = NavigatorModule.swift; sourceTree = "<group>"; };
		AC5CBC27212FEA5F00A4FBCD /* Event.swift */ = {isa = PBXFileReference; lastKnownFileType = sourcecode.swift; path = Event.swift; sourceTree = "<group>"; };
		AC5CBC2A212FF49500A4FBCD /* EventModule.h */ = {isa = PBXFileReference; fileEncoding = 4; lastKnownFileType = sourcecode.c.h; path = EventModule.h; sourceTree = "<group>"; };
		AC5CBC2B212FF49500A4FBCD /* EventModule.m */ = {isa = PBXFileReference; fileEncoding = 4; lastKnownFileType = sourcecode.c.objc; path = EventModule.m; sourceTree = "<group>"; };
		AC5CBC2C212FF49500A4FBCD /* EventModule.swift */ = {isa = PBXFileReference; fileEncoding = 4; lastKnownFileType = sourcecode.swift; path = EventModule.swift; sourceTree = "<group>"; };
		AC5CBC312133957F00A4FBCD /* LocationModule.h */ = {isa = PBXFileReference; fileEncoding = 4; lastKnownFileType = sourcecode.c.h; path = LocationModule.h; sourceTree = "<group>"; };
		AC5CBC322133957F00A4FBCD /* LocationModule.m */ = {isa = PBXFileReference; fileEncoding = 4; lastKnownFileType = sourcecode.c.objc; path = LocationModule.m; sourceTree = "<group>"; };
		AC5CBC332133957F00A4FBCD /* LocationModule.swift */ = {isa = PBXFileReference; fileEncoding = 4; lastKnownFileType = sourcecode.swift; path = LocationModule.swift; sourceTree = "<group>"; };
		AC70278C213FAED700B069F1 /* Component.swift */ = {isa = PBXFileReference; lastKnownFileType = sourcecode.swift; path = Component.swift; sourceTree = "<group>"; };
		AC7579982188563900919B7E /* HUD.swift */ = {isa = PBXFileReference; lastKnownFileType = sourcecode.swift; path = HUD.swift; sourceTree = "<group>"; };
		AC9CE86D2133F2D5007EF7F2 /* WBScannerViewController.swift */ = {isa = PBXFileReference; lastKnownFileType = sourcecode.swift; path = WBScannerViewController.swift; sourceTree = "<group>"; };
		AC9CE87321340A59007EF7F2 /* WXScanPlugin.swift */ = {isa = PBXFileReference; lastKnownFileType = sourcecode.swift; path = WXScanPlugin.swift; sourceTree = "<group>"; };
		AC9CE8992134F91E007EF7F2 /* String+WeexBox.swift */ = {isa = PBXFileReference; lastKnownFileType = sourcecode.swift; path = "String+WeexBox.swift"; sourceTree = "<group>"; };
		ACB6F0CB21901F7B001D39D4 /* DebugWeex.swift */ = {isa = PBXFileReference; lastKnownFileType = sourcecode.swift; path = DebugWeex.swift; sourceTree = "<group>"; };
		ACE49D9021A5612100340A41 /* BaseComponent.swift */ = {isa = PBXFileReference; lastKnownFileType = sourcecode.swift; path = BaseComponent.swift; sourceTree = "<group>"; };
/* End PBXFileReference section */

/* Begin PBXFrameworksBuildPhase section */
		AC5434212111B5A3005B7056 /* Frameworks */ = {
			isa = PBXFrameworksBuildPhase;
			buildActionMask = 2147483647;
			files = (
				AC5CBC1A212D601500A4FBCD /* libsqlite3.tbd in Frameworks */,
				07478FBA71C49DEDA2111614 /* libPods-WeexBox.a in Frameworks */,
			);
			runOnlyForDeploymentPostprocessing = 0;
		};
/* End PBXFrameworksBuildPhase section */

/* Begin PBXGroup section */
		AC54341B2111B5A3005B7056 = {
			isa = PBXGroup;
			children = (
				EC796812D2732152B616B83B /* Frameworks */,
				E7C79831F702D9C370077FAA /* Pods */,
				AC5434262111B5A3005B7056 /* Products */,
				AC5434272111B5A3005B7056 /* WeexBox */,
			);
			sourceTree = "<group>";
		};
		AC5434262111B5A3005B7056 /* Products */ = {
			isa = PBXGroup;
			children = (
				AC5434252111B5A3005B7056 /* WeexBox.framework */,
			);
			name = Products;
			sourceTree = "<group>";
		};
		AC5434272111B5A3005B7056 /* WeexBox */ = {
			isa = PBXGroup;
			children = (
				AC70278B213FAEC200B069F1 /* Component */,
				AC9CE86A2133EFC4007EF7F2 /* Extension */,
				AC5CBC26212FEA4500A4FBCD /* Event */,
				AC5434282111B5A3005B7056 /* WeexBox.h */,
				AC5434292111B5A3005B7056 /* Info.plist */,
				AC5434302111BBCC005B7056 /* WeexBoxEngine.swift */,
				AC54343B2111D23F005B7056 /* Controller */,
				AC5CBC1B212D616800A4FBCD /* Handler */,
				AC5CBC00212BB6DF00A4FBCD /* Model */,
				AC5CBBC5211C355B00A4FBCD /* Module */,
				AC5CBBF22127D80D00A4FBCD /* Network */,
				AC5CBBCF211C3BF400A4FBCD /* Update */,
				AC54343E2112DAAB005B7056 /* Util */,
			);
			path = WeexBox;
			sourceTree = "<group>";
		};
		AC54343B2111D23F005B7056 /* Controller */ = {
			isa = PBXGroup;
			children = (
				AC54343C2111D2DD005B7056 /* WBWeexViewController.swift */,
				AC5CBBDF2121320400A4FBCD /* WBBaseViewController.swift */,
				AC5CBBD6211C485000A4FBCD /* WBNavigationController.swift */,
				AC5CBBE521218B3200A4FBCD /* WBWebViewController.swift */,
				AC9CE86D2133F2D5007EF7F2 /* WBScannerViewController.swift */,
			);
			path = Controller;
			sourceTree = "<group>";
		};
		AC54343E2112DAAB005B7056 /* Util */ = {
			isa = PBXGroup;
			children = (
				AC41388C2190458E00A2B887 /* AssistveButton.swift */,
				AC54343F2112DAD6005B7056 /* Log.h */,
				AC5434402112DAD6005B7056 /* Log.m */,
				AC5CBC17212D1EC100A4FBCD /* External.swift */,
				ACB6F0CB21901F7B001D39D4 /* DebugWeex.swift */,
				AC9CE87321340A59007EF7F2 /* WXScanPlugin.swift */,
				AC070F9A21354E2F00D4E314 /* WXRefreshPlugin.h */,
				AC070F9921354E2F00D4E314 /* WXRefreshPlugin.m */,
				AC070F9B21354E2F00D4E314 /* WXRefreshPlugin.swift */,
				AC7579982188563900919B7E /* HUD.swift */,
			);
			path = Util;
			sourceTree = "<group>";
		};
		AC5CBBC5211C355B00A4FBCD /* Module */ = {
			isa = PBXGroup;
			children = (
				AC5CBC04212BCBC400A4FBCD /* BaseModule.h */,
				AC5CBC05212BCBC400A4FBCD /* BaseModule.m */,
				AC5CBC08212BCC1800A4FBCD /* BaseModule.swift */,
				AC5CBC29212FF49500A4FBCD /* Event */,
				AC5CBC0A212D1B7700A4FBCD /* External */,
				AC5CBC302133957F00A4FBCD /* Location */,
				AC5CBBF9212AB6BE00A4FBCD /* Modal */,
				AC5CBBD8211D65E300A4FBCD /* Navigator */,
				AC5CBBEB2127D0D900A4FBCD /* Network */,
				AC5CBBC6211C355B00A4FBCD /* Router */,
			);
			path = Module;
			sourceTree = "<group>";
		};
		AC5CBBC6211C355B00A4FBCD /* Router */ = {
			isa = PBXGroup;
			children = (
				AC5CBBCA211C355B00A4FBCD /* RouterModule.h */,
				AC5CBBC8211C355B00A4FBCD /* RouterModule.m */,
				AC5CBBE32121363500A4FBCD /* RouterModule.swift */,
			);
			path = Router;
			sourceTree = "<group>";
		};
		AC5CBBCF211C3BF400A4FBCD /* Update */ = {
			isa = PBXGroup;
			children = (
				AC5CBBD1211C3BF400A4FBCD /* UpdateManager.swift */,
			);
			path = Update;
			sourceTree = "<group>";
		};
		AC5CBBD8211D65E300A4FBCD /* Navigator */ = {
			isa = PBXGroup;
			children = (
				AC5CBBD9211D677C00A4FBCD /* NavigatorModule.h */,
				AC5CBBDA211D677C00A4FBCD /* NavigatorModule.m */,
				AC5CBC24212D67C300A4FBCD /* NavigatorModule.swift */,
			);
			path = Navigator;
			sourceTree = "<group>";
		};
		AC5CBBEB2127D0D900A4FBCD /* Network */ = {
			isa = PBXGroup;
			children = (
				AC5CBBEE2127D10F00A4FBCD /* NetworkModule.h */,
				AC5CBBEF2127D10F00A4FBCD /* NetworkModule.m */,
				AC5CBBEC2127D0EB00A4FBCD /* NetworkModule.swift */,
			);
			path = Network;
			sourceTree = "<group>";
		};
		AC5CBBF22127D80D00A4FBCD /* Network */ = {
			isa = PBXGroup;
			children = (
				AC5CBBF32127D87500A4FBCD /* Network.swift */,
			);
			path = Network;
			sourceTree = "<group>";
		};
		AC5CBBF9212AB6BE00A4FBCD /* Modal */ = {
			isa = PBXGroup;
			children = (
				AC5CBBFA212AB6EE00A4FBCD /* ModalModule.h */,
				AC5CBBFC212AB6EE00A4FBCD /* ModalModule.m */,
				AC5CBBFB212AB6EE00A4FBCD /* ModalModule.swift */,
			);
			path = Modal;
			sourceTree = "<group>";
		};
		AC5CBC00212BB6DF00A4FBCD /* Model */ = {
			isa = PBXGroup;
			children = (
				AC5CBBF7212AAE5900A4FBCD /* JsOptions.swift */,
				AC5CBBE92127C40F00A4FBCD /* Result.swift */,
				AC5CBBD2211C3BF400A4FBCD /* UpdateConfig.swift */,
				AC5CBBD0211C3BF400A4FBCD /* UpdateMd5.swift */,
				AC5CBBE12121345400A4FBCD /* Router.swift */,
				AC5CBBF5212A932B00A4FBCD /* UploadFile.swift */,
			);
			path = Model;
			sourceTree = "<group>";
		};
		AC5CBC0A212D1B7700A4FBCD /* External */ = {
			isa = PBXGroup;
			children = (
				AC5CBC12212D1D2A00A4FBCD /* ExternalModule.h */,
				AC5CBC11212D1D2A00A4FBCD /* ExternalModule.m */,
				AC5CBC13212D1D2A00A4FBCD /* ExternalModule.swift */,
			);
			path = External;
			sourceTree = "<group>";
		};
		AC5CBC1B212D616800A4FBCD /* Handler */ = {
			isa = PBXGroup;
			children = (
				AC5CBC1C212D616800A4FBCD /* ImageHander.h */,
				AC5CBC1D212D616800A4FBCD /* ImageHander.m */,
			);
			path = Handler;
			sourceTree = "<group>";
		};
		AC5CBC26212FEA4500A4FBCD /* Event */ = {
			isa = PBXGroup;
			children = (
				AC5CBC27212FEA5F00A4FBCD /* Event.swift */,
			);
			path = Event;
			sourceTree = "<group>";
		};
		AC5CBC29212FF49500A4FBCD /* Event */ = {
			isa = PBXGroup;
			children = (
				AC5CBC2A212FF49500A4FBCD /* EventModule.h */,
				AC5CBC2B212FF49500A4FBCD /* EventModule.m */,
				AC5CBC2C212FF49500A4FBCD /* EventModule.swift */,
			);
			path = Event;
			sourceTree = "<group>";
		};
		AC5CBC302133957F00A4FBCD /* Location */ = {
			isa = PBXGroup;
			children = (
				AC5CBC312133957F00A4FBCD /* LocationModule.h */,
				AC5CBC322133957F00A4FBCD /* LocationModule.m */,
				AC5CBC332133957F00A4FBCD /* LocationModule.swift */,
			);
			path = Location;
			sourceTree = "<group>";
		};
		AC70278B213FAEC200B069F1 /* Component */ = {
			isa = PBXGroup;
			children = (
				AC70278C213FAED700B069F1 /* Component.swift */,
				ACE49D9021A5612100340A41 /* BaseComponent.swift */,
			);
			path = Component;
			sourceTree = "<group>";
		};
		AC9CE86A2133EFC4007EF7F2 /* Extension */ = {
			isa = PBXGroup;
			children = (
				AC9CE8992134F91E007EF7F2 /* String+WeexBox.swift */,
				AC070F9721354D8900D4E314 /* UIApplication+WeexBox.swift */,
				AC439499217EDA59007419E8 /* UIImage+WeexBox.swift */,
			);
			path = Extension;
			sourceTree = "<group>";
		};
		E7C79831F702D9C370077FAA /* Pods */ = {
			isa = PBXGroup;
			children = (
				1557BC57E5295E8A7176AE33 /* Pods-WeexBox.debug.xcconfig */,
				470306F86FB9853839FE2D19 /* Pods-WeexBox.release.xcconfig */,
			);
			name = Pods;
			sourceTree = "<group>";
		};
		EC796812D2732152B616B83B /* Frameworks */ = {
			isa = PBXGroup;
			children = (
				AC5CBC19212D601500A4FBCD /* libsqlite3.tbd */,
				30F2EEC147C70428EA946A86 /* libPods-WeexBox.a */,
			);
			name = Frameworks;
			sourceTree = "<group>";
		};
/* End PBXGroup section */

/* Begin PBXHeadersBuildPhase section */
		AC5434222111B5A3005B7056 /* Headers */ = {
			isa = PBXHeadersBuildPhase;
			buildActionMask = 2147483647;
			files = (
				AC5CBBF02127D10F00A4FBCD /* NetworkModule.h in Headers */,
				AC5CBBCE211C355B00A4FBCD /* RouterModule.h in Headers */,
				AC5CBC2D212FF49500A4FBCD /* EventModule.h in Headers */,
				AC5CBBFD212AB6EE00A4FBCD /* ModalModule.h in Headers */,
				AC5CBBDC211D677C00A4FBCD /* NavigatorModule.h in Headers */,
				AC5CBC342133957F00A4FBCD /* LocationModule.h in Headers */,
				AC070F9D21354E2F00D4E314 /* WXRefreshPlugin.h in Headers */,
				AC5CBC06212BCBC400A4FBCD /* BaseModule.h in Headers */,
				AC5434412112DAD6005B7056 /* Log.h in Headers */,
				AC54342A2111B5A3005B7056 /* WeexBox.h in Headers */,
				AC5CBC1E212D616800A4FBCD /* ImageHander.h in Headers */,
				AC5CBC15212D1D2A00A4FBCD /* ExternalModule.h in Headers */,
			);
			runOnlyForDeploymentPostprocessing = 0;
		};
/* End PBXHeadersBuildPhase section */

/* Begin PBXNativeTarget section */
		AC5434242111B5A3005B7056 /* WeexBox */ = {
			isa = PBXNativeTarget;
			buildConfigurationList = AC54342D2111B5A3005B7056 /* Build configuration list for PBXNativeTarget "WeexBox" */;
			buildPhases = (
				ED5CB52D1F11CC4BEA76E1B0 /* [CP] Check Pods Manifest.lock */,
				AC5434202111B5A3005B7056 /* Sources */,
				AC5434212111B5A3005B7056 /* Frameworks */,
				AC5434222111B5A3005B7056 /* Headers */,
				AC5434232111B5A3005B7056 /* Resources */,
				15B817463D5058656257D29A /* [CP] Copy Pods Resources */,
			);
			buildRules = (
			);
			dependencies = (
			);
			name = WeexBox;
			productName = WeexBox;
			productReference = AC5434252111B5A3005B7056 /* WeexBox.framework */;
			productType = "com.apple.product-type.framework";
		};
/* End PBXNativeTarget section */

/* Begin PBXProject section */
		AC54341C2111B5A3005B7056 /* Project object */ = {
			isa = PBXProject;
			attributes = {
				LastUpgradeCheck = 0940;
				ORGANIZATIONNAME = Ayg;
				TargetAttributes = {
					AC5434242111B5A3005B7056 = {
						CreatedOnToolsVersion = 9.4.1;
						LastSwiftMigration = 0940;
					};
				};
			};
			buildConfigurationList = AC54341F2111B5A3005B7056 /* Build configuration list for PBXProject "WeexBox" */;
			compatibilityVersion = "Xcode 9.3";
			developmentRegion = en;
			hasScannedForEncodings = 0;
			knownRegions = (
				en,
			);
			mainGroup = AC54341B2111B5A3005B7056;
			productRefGroup = AC5434262111B5A3005B7056 /* Products */;
			projectDirPath = "";
			projectRoot = "";
			targets = (
				AC5434242111B5A3005B7056 /* WeexBox */,
			);
		};
/* End PBXProject section */

/* Begin PBXResourcesBuildPhase section */
		AC5434232111B5A3005B7056 /* Resources */ = {
			isa = PBXResourcesBuildPhase;
			buildActionMask = 2147483647;
			files = (
			);
			runOnlyForDeploymentPostprocessing = 0;
		};
/* End PBXResourcesBuildPhase section */

/* Begin PBXShellScriptBuildPhase section */
		15B817463D5058656257D29A /* [CP] Copy Pods Resources */ = {
			isa = PBXShellScriptBuildPhase;
			buildActionMask = 2147483647;
			files = (
			);
			inputPaths = (
				"${SRCROOT}/Pods/Target Support Files/Pods-WeexBox/Pods-WeexBox-resources.sh",
				"${PODS_ROOT}/LBXScan/LBXScan/UI/CodeScan.bundle",
				"${PODS_ROOT}/TZImagePickerController/TZImagePickerController/TZImagePickerController/TZImagePickerController.bundle",
				"${PODS_ROOT}/WeexSDK/pre-build/native-bundle-main.js",
				"${PODS_ROOT}/WeexSDK/pre-build/weex-main-jsfm.js",
				"${PODS_ROOT}/WeexSDK/pre-build/weex-polyfill.js",
				"${PODS_ROOT}/WeexSDK/pre-build/weex-rax-api.js",
				"${PODS_ROOT}/WeexSDK/ios/sdk/WeexSDK/Resources/wx_load_error@3x.png",
			);
			name = "[CP] Copy Pods Resources";
			outputPaths = (
				"${TARGET_BUILD_DIR}/${UNLOCALIZED_RESOURCES_FOLDER_PATH}/CodeScan.bundle",
				"${TARGET_BUILD_DIR}/${UNLOCALIZED_RESOURCES_FOLDER_PATH}/TZImagePickerController.bundle",
				"${TARGET_BUILD_DIR}/${UNLOCALIZED_RESOURCES_FOLDER_PATH}/native-bundle-main.js",
				"${TARGET_BUILD_DIR}/${UNLOCALIZED_RESOURCES_FOLDER_PATH}/weex-main-jsfm.js",
				"${TARGET_BUILD_DIR}/${UNLOCALIZED_RESOURCES_FOLDER_PATH}/weex-polyfill.js",
				"${TARGET_BUILD_DIR}/${UNLOCALIZED_RESOURCES_FOLDER_PATH}/weex-rax-api.js",
				"${TARGET_BUILD_DIR}/${UNLOCALIZED_RESOURCES_FOLDER_PATH}/wx_load_error@3x.png",
			);
			runOnlyForDeploymentPostprocessing = 0;
			shellPath = /bin/sh;
			shellScript = "\"${SRCROOT}/Pods/Target Support Files/Pods-WeexBox/Pods-WeexBox-resources.sh\"\n";
			showEnvVarsInLog = 0;
		};
		ED5CB52D1F11CC4BEA76E1B0 /* [CP] Check Pods Manifest.lock */ = {
			isa = PBXShellScriptBuildPhase;
			buildActionMask = 2147483647;
			files = (
			);
			inputPaths = (
				"${PODS_PODFILE_DIR_PATH}/Podfile.lock",
				"${PODS_ROOT}/Manifest.lock",
			);
			name = "[CP] Check Pods Manifest.lock";
			outputPaths = (
				"$(DERIVED_FILE_DIR)/Pods-WeexBox-checkManifestLockResult.txt",
			);
			runOnlyForDeploymentPostprocessing = 0;
			shellPath = /bin/sh;
			shellScript = "diff \"${PODS_PODFILE_DIR_PATH}/Podfile.lock\" \"${PODS_ROOT}/Manifest.lock\" > /dev/null\nif [ $? != 0 ] ; then\n    # print error to STDERR\n    echo \"error: The sandbox is not in sync with the Podfile.lock. Run 'pod install' or update your CocoaPods installation.\" >&2\n    exit 1\nfi\n# This output is used by Xcode 'outputs' to avoid re-running this script phase.\necho \"SUCCESS\" > \"${SCRIPT_OUTPUT_FILE_0}\"\n";
			showEnvVarsInLog = 0;
		};
/* End PBXShellScriptBuildPhase section */

/* Begin PBXSourcesBuildPhase section */
		AC5434202111B5A3005B7056 /* Sources */ = {
			isa = PBXSourcesBuildPhase;
			buildActionMask = 2147483647;
			files = (
				AC5CBBE42121363500A4FBCD /* RouterModule.swift in Sources */,
				AC70278D213FAED700B069F1 /* Component.swift in Sources */,
				AC5CBBE22121345400A4FBCD /* Router.swift in Sources */,
				AC5CBBF12127D10F00A4FBCD /* NetworkModule.m in Sources */,
				AC5434312111BBCC005B7056 /* WeexBoxEngine.swift in Sources */,
				AC5CBC28212FEA5F00A4FBCD /* Event.swift in Sources */,
				AC5CBBDD211D677C00A4FBCD /* NavigatorModule.m in Sources */,
				AC5CBC2E212FF49500A4FBCD /* EventModule.m in Sources */,
				AC5CBBEA2127C40F00A4FBCD /* Result.swift in Sources */,
				AC070F9821354D8900D4E314 /* UIApplication+WeexBox.swift in Sources */,
				AC5CBBD4211C3BF400A4FBCD /* UpdateManager.swift in Sources */,
				AC5CBBE02121320400A4FBCD /* WBBaseViewController.swift in Sources */,
				AC5CBC1F212D616800A4FBCD /* ImageHander.m in Sources */,
				AC9CE87421340A59007EF7F2 /* WXScanPlugin.swift in Sources */,
				AC5CBC16212D1D2A00A4FBCD /* ExternalModule.swift in Sources */,
				AC7579992188563900919B7E /* HUD.swift in Sources */,
				AC5CBC09212BCC1800A4FBCD /* BaseModule.swift in Sources */,
				AC5CBBD7211C485000A4FBCD /* WBNavigationController.swift in Sources */,
				AC5CBBE621218B3200A4FBCD /* WBWebViewController.swift in Sources */,
				AC41388D2190458E00A2B887 /* AssistveButton.swift in Sources */,
				AC5CBBD3211C3BF400A4FBCD /* UpdateMd5.swift in Sources */,
				AC5CBC14212D1D2A00A4FBCD /* ExternalModule.m in Sources */,
				AC9CE86E2133F2D5007EF7F2 /* WBScannerViewController.swift in Sources */,
				AC9CE89A2134F91E007EF7F2 /* String+WeexBox.swift in Sources */,
				AC5434422112DAD6005B7056 /* Log.m in Sources */,
				AC5CBC07212BCBC400A4FBCD /* BaseModule.m in Sources */,
				AC070F9C21354E2F00D4E314 /* WXRefreshPlugin.m in Sources */,
				AC5CBC2F212FF49500A4FBCD /* EventModule.swift in Sources */,
				AC5CBBF6212A932B00A4FBCD /* UploadFile.swift in Sources */,
				AC54343D2111D2DD005B7056 /* WBWeexViewController.swift in Sources */,
				ACE49D9121A5612100340A41 /* BaseComponent.swift in Sources */,
				AC43949A217EDA5A007419E8 /* UIImage+WeexBox.swift in Sources */,
				AC5CBC25212D67C300A4FBCD /* NavigatorModule.swift in Sources */,
				AC5CBBF42127D87500A4FBCD /* Network.swift in Sources */,
				AC5CBBFE212AB6EE00A4FBCD /* ModalModule.swift in Sources */,
				AC5CBBCC211C355B00A4FBCD /* RouterModule.m in Sources */,
				AC5CBC352133957F00A4FBCD /* LocationModule.m in Sources */,
				AC5CBBF8212AAE5900A4FBCD /* JsOptions.swift in Sources */,
				ACB6F0CC21901F7B001D39D4 /* DebugWeex.swift in Sources */,
				AC5CBC18212D1EC100A4FBCD /* External.swift in Sources */,
				AC5CBC362133957F00A4FBCD /* LocationModule.swift in Sources */,
				AC5CBBD5211C3BF400A4FBCD /* UpdateConfig.swift in Sources */,
				AC5CBBED2127D0EB00A4FBCD /* NetworkModule.swift in Sources */,
				AC070F9E21354E2F00D4E314 /* WXRefreshPlugin.swift in Sources */,
				AC5CBBFF212AB6EE00A4FBCD /* ModalModule.m in Sources */,
			);
			runOnlyForDeploymentPostprocessing = 0;
		};
/* End PBXSourcesBuildPhase section */

/* Begin XCBuildConfiguration section */
		AC54342B2111B5A3005B7056 /* Debug */ = {
			isa = XCBuildConfiguration;
			buildSettings = {
				ALWAYS_SEARCH_USER_PATHS = NO;
				CLANG_ANALYZER_NONNULL = YES;
				CLANG_ANALYZER_NUMBER_OBJECT_CONVERSION = YES_AGGRESSIVE;
				CLANG_CXX_LANGUAGE_STANDARD = "gnu++14";
				CLANG_CXX_LIBRARY = "libc++";
				CLANG_ENABLE_MODULES = YES;
				CLANG_ENABLE_OBJC_ARC = YES;
				CLANG_ENABLE_OBJC_WEAK = YES;
				CLANG_WARN_BLOCK_CAPTURE_AUTORELEASING = YES;
				CLANG_WARN_BOOL_CONVERSION = YES;
				CLANG_WARN_COMMA = YES;
				CLANG_WARN_CONSTANT_CONVERSION = YES;
				CLANG_WARN_DEPRECATED_OBJC_IMPLEMENTATIONS = YES;
				CLANG_WARN_DIRECT_OBJC_ISA_USAGE = YES_ERROR;
				CLANG_WARN_DOCUMENTATION_COMMENTS = YES;
				CLANG_WARN_EMPTY_BODY = YES;
				CLANG_WARN_ENUM_CONVERSION = YES;
				CLANG_WARN_INFINITE_RECURSION = YES;
				CLANG_WARN_INT_CONVERSION = YES;
				CLANG_WARN_NON_LITERAL_NULL_CONVERSION = YES;
				CLANG_WARN_OBJC_IMPLICIT_RETAIN_SELF = YES;
				CLANG_WARN_OBJC_LITERAL_CONVERSION = YES;
				CLANG_WARN_OBJC_ROOT_CLASS = YES_ERROR;
				CLANG_WARN_RANGE_LOOP_ANALYSIS = YES;
				CLANG_WARN_STRICT_PROTOTYPES = YES;
				CLANG_WARN_SUSPICIOUS_MOVE = YES;
				CLANG_WARN_UNGUARDED_AVAILABILITY = YES_AGGRESSIVE;
				CLANG_WARN_UNREACHABLE_CODE = YES;
				CLANG_WARN__DUPLICATE_METHOD_MATCH = YES;
				CODE_SIGN_IDENTITY = "iPhone Developer";
				COPY_PHASE_STRIP = NO;
				CURRENT_PROJECT_VERSION = 1;
				DEBUG_INFORMATION_FORMAT = dwarf;
				ENABLE_STRICT_OBJC_MSGSEND = YES;
				ENABLE_TESTABILITY = YES;
				GCC_C_LANGUAGE_STANDARD = gnu11;
				GCC_DYNAMIC_NO_PIC = NO;
				GCC_NO_COMMON_BLOCKS = YES;
				GCC_OPTIMIZATION_LEVEL = 0;
				GCC_PREPROCESSOR_DEFINITIONS = (
					"DEBUG=1",
					"$(inherited)",
				);
				GCC_WARN_64_TO_32_BIT_CONVERSION = YES;
				GCC_WARN_ABOUT_RETURN_TYPE = YES_ERROR;
				GCC_WARN_UNDECLARED_SELECTOR = YES;
				GCC_WARN_UNINITIALIZED_AUTOS = YES_AGGRESSIVE;
				GCC_WARN_UNUSED_FUNCTION = YES;
				GCC_WARN_UNUSED_VARIABLE = YES;
				IPHONEOS_DEPLOYMENT_TARGET = 10.0;
				MTL_ENABLE_DEBUG_INFO = YES;
				ONLY_ACTIVE_ARCH = YES;
				SDKROOT = iphoneos;
				SWIFT_ACTIVE_COMPILATION_CONDITIONS = DEBUG;
				SWIFT_OPTIMIZATION_LEVEL = "-Onone";
				VERSIONING_SYSTEM = "apple-generic";
				VERSION_INFO_PREFIX = "";
			};
			name = Debug;
		};
		AC54342C2111B5A3005B7056 /* Release */ = {
			isa = XCBuildConfiguration;
			buildSettings = {
				ALWAYS_SEARCH_USER_PATHS = NO;
				CLANG_ANALYZER_NONNULL = YES;
				CLANG_ANALYZER_NUMBER_OBJECT_CONVERSION = YES_AGGRESSIVE;
				CLANG_CXX_LANGUAGE_STANDARD = "gnu++14";
				CLANG_CXX_LIBRARY = "libc++";
				CLANG_ENABLE_MODULES = YES;
				CLANG_ENABLE_OBJC_ARC = YES;
				CLANG_ENABLE_OBJC_WEAK = YES;
				CLANG_WARN_BLOCK_CAPTURE_AUTORELEASING = YES;
				CLANG_WARN_BOOL_CONVERSION = YES;
				CLANG_WARN_COMMA = YES;
				CLANG_WARN_CONSTANT_CONVERSION = YES;
				CLANG_WARN_DEPRECATED_OBJC_IMPLEMENTATIONS = YES;
				CLANG_WARN_DIRECT_OBJC_ISA_USAGE = YES_ERROR;
				CLANG_WARN_DOCUMENTATION_COMMENTS = YES;
				CLANG_WARN_EMPTY_BODY = YES;
				CLANG_WARN_ENUM_CONVERSION = YES;
				CLANG_WARN_INFINITE_RECURSION = YES;
				CLANG_WARN_INT_CONVERSION = YES;
				CLANG_WARN_NON_LITERAL_NULL_CONVERSION = YES;
				CLANG_WARN_OBJC_IMPLICIT_RETAIN_SELF = YES;
				CLANG_WARN_OBJC_LITERAL_CONVERSION = YES;
				CLANG_WARN_OBJC_ROOT_CLASS = YES_ERROR;
				CLANG_WARN_RANGE_LOOP_ANALYSIS = YES;
				CLANG_WARN_STRICT_PROTOTYPES = YES;
				CLANG_WARN_SUSPICIOUS_MOVE = YES;
				CLANG_WARN_UNGUARDED_AVAILABILITY = YES_AGGRESSIVE;
				CLANG_WARN_UNREACHABLE_CODE = YES;
				CLANG_WARN__DUPLICATE_METHOD_MATCH = YES;
				CODE_SIGN_IDENTITY = "iPhone Developer";
				COPY_PHASE_STRIP = NO;
				CURRENT_PROJECT_VERSION = 1;
				DEBUG_INFORMATION_FORMAT = "dwarf-with-dsym";
				ENABLE_NS_ASSERTIONS = NO;
				ENABLE_STRICT_OBJC_MSGSEND = YES;
				GCC_C_LANGUAGE_STANDARD = gnu11;
				GCC_NO_COMMON_BLOCKS = YES;
				GCC_WARN_64_TO_32_BIT_CONVERSION = YES;
				GCC_WARN_ABOUT_RETURN_TYPE = YES_ERROR;
				GCC_WARN_UNDECLARED_SELECTOR = YES;
				GCC_WARN_UNINITIALIZED_AUTOS = YES_AGGRESSIVE;
				GCC_WARN_UNUSED_FUNCTION = YES;
				GCC_WARN_UNUSED_VARIABLE = YES;
				IPHONEOS_DEPLOYMENT_TARGET = 10.0;
				MTL_ENABLE_DEBUG_INFO = NO;
				SDKROOT = iphoneos;
				SWIFT_COMPILATION_MODE = wholemodule;
				SWIFT_OPTIMIZATION_LEVEL = "-O";
				VALIDATE_PRODUCT = YES;
				VERSIONING_SYSTEM = "apple-generic";
				VERSION_INFO_PREFIX = "";
			};
			name = Release;
		};
		AC54342E2111B5A3005B7056 /* Debug */ = {
			isa = XCBuildConfiguration;
			baseConfigurationReference = 1557BC57E5295E8A7176AE33 /* Pods-WeexBox.debug.xcconfig */;
			buildSettings = {
				CLANG_ALLOW_NON_MODULAR_INCLUDES_IN_FRAMEWORK_MODULES = NO;
				CLANG_ENABLE_MODULES = YES;
				CODE_SIGN_IDENTITY = "";
				CODE_SIGN_STYLE = Automatic;
				DEFINES_MODULE = YES;
				DYLIB_COMPATIBILITY_VERSION = 1;
				DYLIB_CURRENT_VERSION = 1;
				DYLIB_INSTALL_NAME_BASE = "@rpath";
				INFOPLIST_FILE = WeexBox/Info.plist;
				INSTALL_PATH = "$(LOCAL_LIBRARY_DIR)/Frameworks";
				LD_RUNPATH_SEARCH_PATHS = (
					"$(inherited)",
					"@executable_path/Frameworks",
					"@loader_path/Frameworks",
				);
				OTHER_LDFLAGS = (
					"$(inherited)",
					"-ObjC",
					"-l\"Alamofire\"",
					"-l\"Alamofire-Synchronous\"",
					"-l\"AsyncSwift\"",
					"-l\"BindingX\"",
					"-l\"Charts\"",
					"-l\"HandyJSON\"",
					"-l\"Hue\"",
					"-l\"MBProgressHUD\"",
					"-l\"Realm\"",
					"-l\"RealmSwift\"",
					"-l\"SDWebImage\"",
					"-l\"SnapKit\"",
					"-l\"SocketRocket\"",
					"-l\"SwiftEventBus\"",
					"-l\"SwiftyJSON\"",
					"-l\"TZImagePickerController\"",
					"-l\"WXDevtool\"",
					"-l\"WeexSDK\"",
					"-l\"Zip\"",
					"-l\"c++\"",
					"-l\"icucore\"",
					"-l\"realmcore-ios\"",
					"-l\"stdc++\"",
					"-l\"z\"",
					"-framework",
					"\"AVFoundation\"",
					"-framework",
					"\"AVKit\"",
					"-framework",
					"\"AudioToolbox\"",
					"-framework",
					"\"CFNetwork\"",
					"-framework",
					"\"CoreData\"",
					"-framework",
					"\"CoreGraphics\"",
					"-framework",
					"\"CoreMedia\"",
					"-framework",
					"\"CoreText\"",
					"-framework",
					"\"Foundation\"",
					"-framework",
					"\"GLKit\"",
					"-framework",
					"\"ImageIO\"",
					"-framework",
					"\"JavaScriptCore\"",
					"-framework",
					"\"MediaPlayer\"",
					"-framework",
					"\"MobileCoreServices\"",
					"-framework",
					"\"OpenGLES\"",
					"-framework",
					"\"Photos\"",
					"-framework",
					"\"QuartzCore\"",
					"-framework",
					"\"Security\"",
					"-framework",
					"\"UIKit\"",
					"-framework",
					"\"WeexPluginLoader\"",
				);
				PRODUCT_BUNDLE_IDENTIFIER = Ayg.WeexBox;
				PRODUCT_NAME = "$(TARGET_NAME:c99extidentifier)";
				SKIP_INSTALL = YES;
				SWIFT_COMPILATION_MODE = wholemodule;
				SWIFT_OPTIMIZATION_LEVEL = "-Onone";
				SWIFT_VERSION = 4.2;
				TARGETED_DEVICE_FAMILY = "1,2";
			};
			name = Debug;
		};
		AC54342F2111B5A3005B7056 /* Release */ = {
			isa = XCBuildConfiguration;
			baseConfigurationReference = 470306F86FB9853839FE2D19 /* Pods-WeexBox.release.xcconfig */;
			buildSettings = {
				CLANG_ALLOW_NON_MODULAR_INCLUDES_IN_FRAMEWORK_MODULES = NO;
				CLANG_ENABLE_MODULES = YES;
				CODE_SIGN_IDENTITY = "";
				CODE_SIGN_STYLE = Automatic;
				DEFINES_MODULE = YES;
				DYLIB_COMPATIBILITY_VERSION = 1;
				DYLIB_CURRENT_VERSION = 1;
				DYLIB_INSTALL_NAME_BASE = "@rpath";
				INFOPLIST_FILE = WeexBox/Info.plist;
				INSTALL_PATH = "$(LOCAL_LIBRARY_DIR)/Frameworks";
				LD_RUNPATH_SEARCH_PATHS = (
					"$(inherited)",
					"@executable_path/Frameworks",
					"@loader_path/Frameworks",
				);
				OTHER_LDFLAGS = (
					"$(inherited)",
					"-ObjC",
					"-l\"Alamofire\"",
					"-l\"Alamofire-Synchronous\"",
					"-l\"AsyncSwift\"",
					"-l\"BindingX\"",
					"-l\"Charts\"",
					"-l\"HandyJSON\"",
					"-l\"Hue\"",
					"-l\"MBProgressHUD\"",
					"-l\"Realm\"",
					"-l\"RealmSwift\"",
					"-l\"SDWebImage\"",
					"-l\"SnapKit\"",
					"-l\"SocketRocket\"",
					"-l\"SwiftEventBus\"",
					"-l\"SwiftyJSON\"",
					"-l\"TZImagePickerController\"",
					"-l\"WXDevtool\"",
					"-l\"WeexSDK\"",
					"-l\"Zip\"",
					"-l\"c++\"",
					"-l\"icucore\"",
					"-l\"realmcore-ios\"",
					"-l\"stdc++\"",
					"-l\"z\"",
					"-framework",
					"\"AVFoundation\"",
					"-framework",
					"\"AVKit\"",
					"-framework",
					"\"AudioToolbox\"",
					"-framework",
					"\"CFNetwork\"",
					"-framework",
					"\"CoreData\"",
					"-framework",
					"\"CoreGraphics\"",
					"-framework",
					"\"CoreMedia\"",
					"-framework",
					"\"CoreText\"",
					"-framework",
					"\"Foundation\"",
					"-framework",
					"\"GLKit\"",
					"-framework",
					"\"ImageIO\"",
					"-framework",
					"\"JavaScriptCore\"",
					"-framework",
					"\"MediaPlayer\"",
					"-framework",
					"\"MobileCoreServices\"",
					"-framework",
					"\"OpenGLES\"",
					"-framework",
					"\"Photos\"",
					"-framework",
					"\"QuartzCore\"",
					"-framework",
					"\"Security\"",
					"-framework",
					"\"UIKit\"",
					"-framework",
					"\"WeexPluginLoader\"",
				);
				PRODUCT_BUNDLE_IDENTIFIER = Ayg.WeexBox;
				PRODUCT_NAME = "$(TARGET_NAME:c99extidentifier)";
				SKIP_INSTALL = YES;
				SWIFT_VERSION = 4.2;
				TARGETED_DEVICE_FAMILY = "1,2";
			};
			name = Release;
		};
/* End XCBuildConfiguration section */

/* Begin XCConfigurationList section */
		AC54341F2111B5A3005B7056 /* Build configuration list for PBXProject "WeexBox" */ = {
			isa = XCConfigurationList;
			buildConfigurations = (
				AC54342B2111B5A3005B7056 /* Debug */,
				AC54342C2111B5A3005B7056 /* Release */,
			);
			defaultConfigurationIsVisible = 0;
			defaultConfigurationName = Release;
		};
		AC54342D2111B5A3005B7056 /* Build configuration list for PBXNativeTarget "WeexBox" */ = {
			isa = XCConfigurationList;
			buildConfigurations = (
				AC54342E2111B5A3005B7056 /* Debug */,
				AC54342F2111B5A3005B7056 /* Release */,
			);
			defaultConfigurationIsVisible = 0;
			defaultConfigurationName = Release;
		};
/* End XCConfigurationList section */
	};
	rootObject = AC54341C2111B5A3005B7056 /* Project object */;
}
