PODS:
  - Alamofire (4.8.2)
  - Alamofire-Synchronous (4.0.0):
    - Alamofire (~> 4.0)
  - AsyncSwift (2.0.4)
  - BindingX (1.0.3):
    - WeexPluginLoader
    - WeexSDK
  - Charts (3.2.2):
    - Charts/Core (= 3.2.2)
  - Charts/Core (3.2.2)
  - HandyJSON (5.0.0-beta.1)
  - Hue (4.0.0)
  - LBXScan/LBXNative (2.3):
    - LBXScan/Types (~> 2.2)
  - LBXScan/Types (2.3)
  - LBXScan/UI (2.3):
    - LBXScan/Types (~> 2.2)
  - lottie-ios (2.5.3)
  - MBProgressHUD (1.1.0)
  - Realm (3.14.0):
    - Realm/Headers (= 3.14.0)
  - Realm/Headers (3.14.0)
  - RealmSwift (3.14.0):
    - Realm (= 3.14.0)
  - RTRootNavigationController_WeexBox (0.7.1):
    - RTRootNavigationController_WeexBox/Core (= 0.7.1)
  - RTRootNavigationController_WeexBox/Core (0.7.1)
  - SDWebImage (5.0.0):
    - SDWebImage/Core (= 5.0.0)
  - SDWebImage/Core (5.0.0)
  - SnapKit (4.2.0)
  - SocketRocket (0.5.1)
  - SwiftEventBus (5.0.0)
  - SwiftyJSON (4.3.0)
  - TZImagePickerController (3.2.0)
  - VasSonic (3.0.0)
  - WeexBox (1.3.3):
    - Alamofire
    - Alamofire-Synchronous
    - AsyncSwift
    - BindingX
    - Charts
    - HandyJSON (= 5.0.0-beta.1)
    - Hue
    - LBXScan/LBXNative
    - LBXScan/UI
    - lottie-ios (~> 2.5.3)
    - MBProgressHUD
    - RealmSwift
    - RTRootNavigationController_WeexBox
    - SDWebImage
    - SnapKit
    - SwiftEventBus
    - SwiftyJSON
    - TZImagePickerController
    - VasSonic
    - WeexSDK (~> 0.20.0)
    - WXDevtool (~> 0.20.0)
    - XFAssistiveTouch_WeexBox
    - Zip
  - WeexPluginLoader (0.0.1.9.1):
    - WeexSDK
  - WeexSDK (0.20.1)
  - WXDevtool (0.20.0):
    - SocketRocket
    - WeexSDK
  - XFAssistiveTouch_WeexBox (1.0.0):
    - SDWebImage
  - Zip (1.1.0)

DEPENDENCIES:
  - WeexBox (from `..`)

SPEC REPOS:
  https://github.com/cocoapods/specs.git:
    - Alamofire
    - Alamofire-Synchronous
    - AsyncSwift
    - BindingX
    - Charts
    - HandyJSON
    - Hue
    - LBXScan
    - lottie-ios
    - MBProgressHUD
    - Realm
    - RealmSwift
    - RTRootNavigationController_WeexBox
    - SDWebImage
    - SnapKit
    - SocketRocket
    - SwiftEventBus
    - SwiftyJSON
    - TZImagePickerController
    - VasSonic
    - WeexPluginLoader
    - WeexSDK
    - WXDevtool
    - XFAssistiveTouch_WeexBox
    - Zip

EXTERNAL SOURCES:
  WeexBox:
    :path: ".."

SPEC CHECKSUMS:
  Alamofire: ae5c501addb7afdbb13687d7f2f722c78734c2d3
  Alamofire-Synchronous: eedf1e6e961c3795a63c74990b3f7d9fbfac7e50
  AsyncSwift: 65775a7b32e740609b24969ece3de58723b9dc3e
  BindingX: b3c6c1c5dcd8e50277cfc5daad09d7010c227524
  Charts: f69cf0518b6d1d62608ca504248f1bbe0b6ae77e
  HandyJSON: 582477127ab3ab65bd2e471815f1a7b846856978
  Hue: afe18b4e819e2848e7d2d5b4b33f4d3f88dd921b
  LBXScan: e51449f0832d1fe17da632af0d22adeb3cfa3543
  lottie-ios: a50d5c0160425cd4b01b852bb9578963e6d92d31
  MBProgressHUD: e7baa36a220447d8aeb12769bf0585582f3866d9
  Realm: 221b25919bb5a010a3c597d707f8df3492dcd93a
  RealmSwift: 28f22dfa6a27b9a778cfb09471558b6afcf1022c
  RTRootNavigationController_WeexBox: ef63000401bb1e7caa1313f6ece8afb0bb0f9a7f
  SDWebImage: 5de80a0302de9e377e62f47d2fa1304efff0e55f
  SnapKit: fe8a619752f3f27075cc9a90244d75c6c3f27e2a
  SocketRocket: d57c7159b83c3c6655745cd15302aa24b6bae531
  SwiftEventBus: b30f617a6aca5a9336464b4d3f5931034762f2d5
  SwiftyJSON: 6faa0040f8b59dead0ee07436cbf76b73c08fd08
  TZImagePickerController: 7850b158d025065b162a1a963d445040b828abc9
  VasSonic: 681ec95418d485d8c501d13549e25dff18754893
  WeexBox: dd0ecc5c8dce29d42a287c9af58b81fe72112c85
  WeexPluginLoader: 85c1304f8ba29864e58531614a0acfeceef1b85c
  WeexSDK: ced3f2ef2f0cb48d1d76fd2f03c645572c632d21
  WXDevtool: 833dd3e835df1f5f278fc8865c865d48196bfdab
  XFAssistiveTouch_WeexBox: 50ee133d7e5a1717907f2518b8415d56d39c65fe
  Zip: 8877eede3dda76bcac281225c20e71c25270774c

PODFILE CHECKSUM: 657c944383e8cbbeb76290cbefaeb2c7d2fd6a18

COCOAPODS: 1.6.1
