PODS:
  - Alamofire (4.8.2)
  - Alamofire-Synchronous (4.0.0):
    - Alamofire (~> 4.0)
  - AsyncSwift (2.0.4)
  - BindingX (1.0.3):
    - WeexPluginLoader
    - WeexSDK
  - Charts (3.3.0):
    - Charts/Core (= 3.3.0)
  - Charts/Core (3.3.0)
  - HandyJSON (5.0.0)
  - Hue (5.0.0)
  - LBXScan/LBXNative (2.3):
    - LBXScan/Types (~> 2.2)
  - LBXScan/Types (2.3)
  - LBXScan/UI (2.3):
    - LBXScan/Types (~> 2.2)
  - lottie-ios (2.5.3)
  - MBProgressHUD (1.1.0)
  - Realm (3.16.2):
    - Realm/Headers (= 3.16.2)
  - Realm/Headers (3.16.2)
  - RealmSwift (3.16.2):
    - Realm (= 3.16.2)
  - RTRootNavigationController_WeexBox (0.7.1):
    - RTRootNavigationController_WeexBox/Core (= 0.7.1)
  - RTRootNavigationController_WeexBox/Core (0.7.1)
  - SDWebImage (5.0.6):
    - SDWebImage/Core (= 5.0.6)
  - SDWebImage/Core (5.0.6)
  - SnapKit (5.0.0)
  - SocketRocket (0.5.1)
  - SwiftEventBus (5.0.0)
  - SwiftyJSON (5.0.0)
  - TZImagePickerController (3.2.1)
  - VasSonic (3.1.1)
  - WeexPluginLoader (0.0.1.9.1):
    - WeexSDK
  - WeexSDK (0.24.0)
  - WXDevtool (0.24.0):
    - SocketRocket
    - WeexSDK
  - XFAssistiveTouch_WeexBox (1.0.0):
    - SDWebImage
  - Zip (1.1.0)

DEPENDENCIES:
  - Alamofire (~> 4.0)
  - Alamofire-Synchronous (~> 4.0)
  - AsyncSwift (~> 2.0)
  - BindingX (~> 1.0)
  - Charts (~> 3.0)
  - HandyJSON (~> 5.0)
  - Hue (~> 5.0)
  - LBXScan/LBXNative (~> 2.0)
  - LBXScan/UI (~> 2.0)
  - lottie-ios (~> 2.0)
  - MBProgressHUD (~> 1.0)
  - RealmSwift (~> 3.0)
  - RTRootNavigationController_WeexBox (~> 0.7.0)
  - SDWebImage (~> 5.0)
  - SnapKit (~> 5.0)
  - SwiftEventBus (~> 5.0)
  - SwiftyJSON (~> 5.0)
  - TZImagePickerController (~> 3.0)
  - VasSonic (~> 3.0)
  - WeexSDK (~> 0.24.0)
  - WXDevtool (~> 0.24.0)
  - XFAssistiveTouch_WeexBox (~> 1.0)
  - Zip (~> 1.0)

SPEC REPOS:
  https://github.com/cocoapods/specs.git:
    - Alamofire
    - Alamofire-Synchronous
    - AsyncSwift
    - BindingX
    - Charts
    - HandyJSON
    - Hue
    - LBXScan
    - lottie-ios
    - MBProgressHUD
    - Realm
    - RealmSwift
    - RTRootNavigationController_WeexBox
    - SDWebImage
    - SnapKit
    - SocketRocket
    - SwiftEventBus
    - SwiftyJSON
    - TZImagePickerController
    - VasSonic
    - WeexPluginLoader
    - WeexSDK
    - WXDevtool
    - XFAssistiveTouch_WeexBox
    - Zip

SPEC CHECKSUMS:
  Alamofire: ae5c501addb7afdbb13687d7f2f722c78734c2d3
  Alamofire-Synchronous: eedf1e6e961c3795a63c74990b3f7d9fbfac7e50
  AsyncSwift: 65775a7b32e740609b24969ece3de58723b9dc3e
  BindingX: b3c6c1c5dcd8e50277cfc5daad09d7010c227524
  Charts: e0dd4cd8f257bccf98407b58183ddca8e8d5b578
  HandyJSON: 992f2d661716d6a91de82d0056927bc7813b5770
  Hue: c129cb67be7d093a82bbbc30ce8a96757bf6f37a
  LBXScan: e51449f0832d1fe17da632af0d22adeb3cfa3543
  lottie-ios: a50d5c0160425cd4b01b852bb9578963e6d92d31
  MBProgressHUD: e7baa36a220447d8aeb12769bf0585582f3866d9
  Realm: 0e73b4edeb5b6a90da3d83206883b2e34e00eb38
  RealmSwift: a81e650171ef0a5f999df1ed8d39ba8d6fce88a4
  RTRootNavigationController_WeexBox: ef63000401bb1e7caa1313f6ece8afb0bb0f9a7f
  SDWebImage: 920f1a2ff1ca8296ad34f6e0510a1ef1d70ac965
  SnapKit: fd22d10eb9aff484d79a8724eab922c1ddf89bcf
  SocketRocket: d57c7159b83c3c6655745cd15302aa24b6bae531
  SwiftEventBus: b30f617a6aca5a9336464b4d3f5931034762f2d5
  SwiftyJSON: 36413e04c44ee145039d332b4f4e2d3e8d6c4db7
  TZImagePickerController: bf4c57b98d8707fce41ea6be872414a71c7a8c9d
  VasSonic: 1b0e5d45602627e8f39ac120a892050a10d42bab
  WeexPluginLoader: 85c1304f8ba29864e58531614a0acfeceef1b85c
  WeexSDK: 5bd35be9c035c67c84d1ba15712360bb0d0ba6b5
  WXDevtool: 95b70c73c06fc3299d65bd53ba4b3e0b0087f3cb
  XFAssistiveTouch_WeexBox: 50ee133d7e5a1717907f2518b8415d56d39c65fe
  Zip: 8877eede3dda76bcac281225c20e71c25270774c

PODFILE CHECKSUM: 06886d269ff9ccb111c5510ad7f0bde01f93909d

COCOAPODS: 1.7.2
