PODS:
  - Alamofire (4.8.1)
  - Alamofire-Synchronous (4.0.0):
    - Alamofire (~> 4.0)
  - AsyncSwift (2.0.4)
  - BindingX (1.0.3):
    - WeexPluginLoader
    - WeexSDK
  - Charts (3.2.1):
    - Charts/Core (= 3.2.1)
  - Charts/Core (3.2.1)
  - HandyJSON (4.2.1)
  - Hue (4.0.0)
  - LBXScan/LBXNative (2.3):
    - LBXScan/Types (~> 2.2)
  - LBXScan/Types (2.3)
  - LBXScan/UI (2.3):
    - LBXScan/Types (~> 2.2)
  - lottie-ios (2.5.2)
  - MBProgressHUD (1.1.0)
  - Realm (3.13.1):
    - Realm/Headers (= 3.13.1)
  - Realm/Headers (3.13.1)
  - RealmSwift (3.13.1):
    - Realm (= 3.13.1)
  - RTRootNavigationController_WeexBox (0.7.1):
    - RTRootNavigationController_WeexBox/Core (= 0.7.1)
  - RTRootNavigationController_WeexBox/Core (0.7.1)
  - SDWebImage (4.4.3):
    - SDWebImage/Core (= 4.4.3)
  - SDWebImage/Core (4.4.3)
  - SnapKit (4.2.0)
  - SocketRocket (0.5.1)
  - SwiftEventBus (2.1.2)
  - SwiftyJSON (4.2.0)
  - TZImagePickerController (3.1.9)
  - VasSonic (3.0.0)
  - WeexPluginLoader (0.0.1.9.1):
    - WeexSDK
  - WeexSDK (0.20.1)
  - WXDevtool (0.20.0):
    - SocketRocket
    - WeexSDK
  - XFAssistiveTouch_WeexBox (1.0.0):
    - SDWebImage
  - Zip (1.1.0)

DEPENDENCIES:
  - Alamofire
  - Alamofire-Synchronous
  - AsyncSwift
  - BindingX
  - Charts
  - HandyJSON
  - Hue
  - LBXScan/LBXNative
  - LBXScan/UI
  - lottie-ios
  - MBProgressHUD
  - RealmSwift
  - RTRootNavigationController_WeexBox
  - SDWebImage
  - SnapKit
  - SwiftEventBus
  - SwiftyJSON
  - TZImagePickerController
  - VasSonic
  - WeexSDK (~> 0.20.0)
  - WXDevtool (~> 0.20.0)
  - XFAssistiveTouch_WeexBox
  - Zip

SPEC REPOS:
  https://github.com/cocoapods/specs.git:
    - Alamofire
    - Alamofire-Synchronous
    - AsyncSwift
    - BindingX
    - Charts
    - HandyJSON
    - Hue
    - LBXScan
    - lottie-ios
    - MBProgressHUD
    - Realm
    - RealmSwift
    - RTRootNavigationController_WeexBox
    - SDWebImage
    - SnapKit
    - SocketRocket
    - SwiftEventBus
    - SwiftyJSON
    - TZImagePickerController
    - VasSonic
    - WeexPluginLoader
    - WeexSDK
    - WXDevtool
    - XFAssistiveTouch_WeexBox
    - Zip

SPEC CHECKSUMS:
  Alamofire: 16ce2c353fb72865124ddae8a57c5942388f4f11
  Alamofire-Synchronous: eedf1e6e961c3795a63c74990b3f7d9fbfac7e50
  AsyncSwift: 65775a7b32e740609b24969ece3de58723b9dc3e
  BindingX: b3c6c1c5dcd8e50277cfc5daad09d7010c227524
  Charts: f122fb70b19847fa5817d018b77d6c5a2296ab25
  HandyJSON: d0c5fc80204f29056d59d3e5c4587fa0b16b60a8
  Hue: afe18b4e819e2848e7d2d5b4b33f4d3f88dd921b
  LBXScan: e51449f0832d1fe17da632af0d22adeb3cfa3543
  lottie-ios: 3fef45d3fabe63e3c7c2eb603dd64ddfffc73062
  MBProgressHUD: e7baa36a220447d8aeb12769bf0585582f3866d9
  Realm: 50071da38fe079e0735e47c9f2eae738c68c5996
  RealmSwift: 8a1e6a02b7a08cd17a31e3115143fb69fe5f3fb9
  RTRootNavigationController_WeexBox: ef63000401bb1e7caa1313f6ece8afb0bb0f9a7f
  SDWebImage: c5594f1a19c48d526d321e548902b56b479cd508
  SnapKit: fe8a619752f3f27075cc9a90244d75c6c3f27e2a
  SocketRocket: d57c7159b83c3c6655745cd15302aa24b6bae531
  SwiftEventBus: 9e8f6d8cff2826d66536ec367d17a47299478aa0
  SwiftyJSON: c4bcba26dd9ec7a027fc8eade48e2c911f229e96
  TZImagePickerController: c3f7c505d23281e21e98df6dbeae372946caa28f
  VasSonic: 681ec95418d485d8c501d13549e25dff18754893
  WeexPluginLoader: 85c1304f8ba29864e58531614a0acfeceef1b85c
  WeexSDK: ced3f2ef2f0cb48d1d76fd2f03c645572c632d21
  WXDevtool: 833dd3e835df1f5f278fc8865c865d48196bfdab
  XFAssistiveTouch_WeexBox: 50ee133d7e5a1717907f2518b8415d56d39c65fe
  Zip: 8877eede3dda76bcac281225c20e71c25270774c

PODFILE CHECKSUM: 32a9d8fcb16d2dce2888516a6127e6d2b3ae20b3

COCOAPODS: 1.6.0.beta.2
