// !$*UTF8*$!
{
	archiveVersion = 1;
	classes = {
	};
	objectVersion = 51;
	objects = {

/* Begin PBXBuildFile section */
		AC9CE8512133DF76007EF7F2 /* AppDelegate.swift in Sources */ = {isa = PBXBuildFile; fileRef = AC9CE8502133DF76007EF7F2 /* AppDelegate.swift */; };
		AC9CE8532133DF76007EF7F2 /* ViewController.swift in Sources */ = {isa = PBXBuildFile; fileRef = AC9CE8522133DF76007EF7F2 /* ViewController.swift */; };
		AC9CE8582133DF78007EF7F2 /* Assets.xcassets in Resources */ = {isa = PBXBuildFile; fileRef = AC9CE8572133DF78007EF7F2 /* Assets.xcassets */; };
		AC9CE85B2133DF78007EF7F2 /* LaunchScreen.storyboard in Resources */ = {isa = PBXBuildFile; fileRef = AC9CE8592133DF78007EF7F2 /* LaunchScreen.storyboard */; };
		ACF90ED9214A90E8000FDAB4 /* OCTest.m in Sources */ = {isa = PBXBuildFile; fileRef = ACF90ED8214A90E8000FDAB4 /* OCTest.m */; };
		ACF90EDB214B4C41000FDAB4 /* SwiftTest.swift in Sources */ = {isa = PBXBuildFile; fileRef = ACF90EDA214B4C41000FDAB4 /* SwiftTest.swift */; };
		EF33C1CE2E38C1F85EE2A13C /* libPods-WeexBoxExample.a in Frameworks */ = {isa = PBXBuildFile; fileRef = A8366C6BCB7071E15F022D80 /* libPods-WeexBoxExample.a */; };
/* End PBXBuildFile section */

/* Begin PBXFileReference section */
		049815ECA562C1D30C195ECB /* Pods-WeexBoxExample.release.xcconfig */ = {isa = PBXFileReference; includeInIndex = 1; lastKnownFileType = text.xcconfig; name = "Pods-WeexBoxExample.release.xcconfig"; path = "Pods/Target Support Files/Pods-WeexBoxExample/Pods-WeexBoxExample.release.xcconfig"; sourceTree = "<group>"; };
		27F101CC5BC3872CE661F024 /* Pods-WeexBoxExample.debug.xcconfig */ = {isa = PBXFileReference; includeInIndex = 1; lastKnownFileType = text.xcconfig; name = "Pods-WeexBoxExample.debug.xcconfig"; path = "Pods/Target Support Files/Pods-WeexBoxExample/Pods-WeexBoxExample.debug.xcconfig"; sourceTree = "<group>"; };
		A8366C6BCB7071E15F022D80 /* libPods-WeexBoxExample.a */ = {isa = PBXFileReference; explicitFileType = archive.ar; includeInIndex = 0; path = "libPods-WeexBoxExample.a"; sourceTree = BUILT_PRODUCTS_DIR; };
		AC9CE84D2133DF76007EF7F2 /* WeexBoxExample.app */ = {isa = PBXFileReference; explicitFileType = wrapper.application; includeInIndex = 0; path = WeexBoxExample.app; sourceTree = BUILT_PRODUCTS_DIR; };
		AC9CE8502133DF76007EF7F2 /* AppDelegate.swift */ = {isa = PBXFileReference; lastKnownFileType = sourcecode.swift; path = AppDelegate.swift; sourceTree = "<group>"; };
		AC9CE8522133DF76007EF7F2 /* ViewController.swift */ = {isa = PBXFileReference; lastKnownFileType = sourcecode.swift; path = ViewController.swift; sourceTree = "<group>"; };
		AC9CE8572133DF78007EF7F2 /* Assets.xcassets */ = {isa = PBXFileReference; lastKnownFileType = folder.assetcatalog; path = Assets.xcassets; sourceTree = "<group>"; };
		AC9CE85A2133DF78007EF7F2 /* Base */ = {isa = PBXFileReference; lastKnownFileType = file.storyboard; name = Base; path = Base.lproj/LaunchScreen.storyboard; sourceTree = "<group>"; };
		AC9CE85C2133DF78007EF7F2 /* Info.plist */ = {isa = PBXFileReference; lastKnownFileType = text.plist.xml; path = Info.plist; sourceTree = "<group>"; };
		ACF90ED6214A90E8000FDAB4 /* WeexBoxExample-Bridging-Header.h */ = {isa = PBXFileReference; lastKnownFileType = sourcecode.c.h; path = "WeexBoxExample-Bridging-Header.h"; sourceTree = "<group>"; };
		ACF90ED7214A90E8000FDAB4 /* OCTest.h */ = {isa = PBXFileReference; lastKnownFileType = sourcecode.c.h; path = OCTest.h; sourceTree = "<group>"; };
		ACF90ED8214A90E8000FDAB4 /* OCTest.m */ = {isa = PBXFileReference; lastKnownFileType = sourcecode.c.objc; path = OCTest.m; sourceTree = "<group>"; };
		ACF90EDA214B4C41000FDAB4 /* SwiftTest.swift */ = {isa = PBXFileReference; lastKnownFileType = sourcecode.swift; path = SwiftTest.swift; sourceTree = "<group>"; };
/* End PBXFileReference section */

/* Begin PBXFrameworksBuildPhase section */
		AC9CE84A2133DF76007EF7F2 /* Frameworks */ = {
			isa = PBXFrameworksBuildPhase;
			buildActionMask = 2147483647;
			files = (
				EF33C1CE2E38C1F85EE2A13C /* libPods-WeexBoxExample.a in Frameworks */,
			);
			runOnlyForDeploymentPostprocessing = 0;
		};
/* End PBXFrameworksBuildPhase section */

/* Begin PBXGroup section */
		58178CF65F77F788D8133FD9 /* Pods */ = {
			isa = PBXGroup;
			children = (
				27F101CC5BC3872CE661F024 /* Pods-WeexBoxExample.debug.xcconfig */,
				049815ECA562C1D30C195ECB /* Pods-WeexBoxExample.release.xcconfig */,
			);
			name = Pods;
			sourceTree = "<group>";
		};
		AC9CE8442133DF76007EF7F2 = {
			isa = PBXGroup;
			children = (
				AC9CE84F2133DF76007EF7F2 /* WeexBoxExample */,
				AC9CE84E2133DF76007EF7F2 /* Products */,
				58178CF65F77F788D8133FD9 /* Pods */,
				B022170BDE8225BF868B1EF7 /* Frameworks */,
			);
			sourceTree = "<group>";
		};
		AC9CE84E2133DF76007EF7F2 /* Products */ = {
			isa = PBXGroup;
			children = (
				AC9CE84D2133DF76007EF7F2 /* WeexBoxExample.app */,
			);
			name = Products;
			sourceTree = "<group>";
		};
		AC9CE84F2133DF76007EF7F2 /* WeexBoxExample */ = {
			isa = PBXGroup;
			children = (
				AC9CE8502133DF76007EF7F2 /* AppDelegate.swift */,
				AC9CE8522133DF76007EF7F2 /* ViewController.swift */,
				ACF90ED7214A90E8000FDAB4 /* OCTest.h */,
				ACF90ED8214A90E8000FDAB4 /* OCTest.m */,
				ACF90EDA214B4C41000FDAB4 /* SwiftTest.swift */,
				AC9CE8572133DF78007EF7F2 /* Assets.xcassets */,
				AC9CE8592133DF78007EF7F2 /* LaunchScreen.storyboard */,
				AC9CE85C2133DF78007EF7F2 /* Info.plist */,
				ACF90ED6214A90E8000FDAB4 /* WeexBoxExample-Bridging-Header.h */,
			);
			path = WeexBoxExample;
			sourceTree = "<group>";
		};
		B022170BDE8225BF868B1EF7 /* Frameworks */ = {
			isa = PBXGroup;
			children = (
				A8366C6BCB7071E15F022D80 /* libPods-WeexBoxExample.a */,
			);
			name = Frameworks;
			sourceTree = "<group>";
		};
/* End PBXGroup section */

/* Begin PBXNativeTarget section */
		AC9CE84C2133DF76007EF7F2 /* WeexBoxExample */ = {
			isa = PBXNativeTarget;
			buildConfigurationList = AC9CE85F2133DF78007EF7F2 /* Build configuration list for PBXNativeTarget "WeexBoxExample" */;
			buildPhases = (
				9A51342403FFE6439313800A /* [CP] Check Pods Manifest.lock */,
				AC9CE8492133DF76007EF7F2 /* Sources */,
				AC9CE84A2133DF76007EF7F2 /* Frameworks */,
				AC9CE84B2133DF76007EF7F2 /* Resources */,
				DB194D16E6B8FBB58A2E99AE /* [CP] Copy Pods Resources */,
			);
			buildRules = (
			);
			dependencies = (
			);
			name = WeexBoxExample;
			productName = WeexBoxExample;
			productReference = AC9CE84D2133DF76007EF7F2 /* WeexBoxExample.app */;
			productType = "com.apple.product-type.application";
		};
/* End PBXNativeTarget section */

/* Begin PBXProject section */
		AC9CE8452133DF76007EF7F2 /* Project object */ = {
			isa = PBXProject;
			attributes = {
				LastSwiftUpdateCheck = 0940;
				LastUpgradeCheck = 0940;
				ORGANIZATIONNAME = WeexBox;
				TargetAttributes = {
					AC9CE84C2133DF76007EF7F2 = {
						CreatedOnToolsVersion = 9.4.1;
						LastSwiftMigration = 0940;
					};
				};
			};
			buildConfigurationList = AC9CE8482133DF76007EF7F2 /* Build configuration list for PBXProject "WeexBoxExample" */;
			compatibilityVersion = "Xcode 10.0";
			developmentRegion = en;
			hasScannedForEncodings = 0;
			knownRegions = (
				en,
				Base,
			);
			mainGroup = AC9CE8442133DF76007EF7F2;
			productRefGroup = AC9CE84E2133DF76007EF7F2 /* Products */;
			projectDirPath = "";
			projectRoot = "";
			targets = (
				AC9CE84C2133DF76007EF7F2 /* WeexBoxExample */,
			);
		};
/* End PBXProject section */

/* Begin PBXResourcesBuildPhase section */
		AC9CE84B2133DF76007EF7F2 /* Resources */ = {
			isa = PBXResourcesBuildPhase;
			buildActionMask = 2147483647;
			files = (
				AC9CE85B2133DF78007EF7F2 /* LaunchScreen.storyboard in Resources */,
				AC9CE8582133DF78007EF7F2 /* Assets.xcassets in Resources */,
			);
			runOnlyForDeploymentPostprocessing = 0;
		};
/* End PBXResourcesBuildPhase section */

/* Begin PBXShellScriptBuildPhase section */
		9A51342403FFE6439313800A /* [CP] Check Pods Manifest.lock */ = {
			isa = PBXShellScriptBuildPhase;
			buildActionMask = 2147483647;
			files = (
			);
			inputPaths = (
				"${PODS_PODFILE_DIR_PATH}/Podfile.lock",
				"${PODS_ROOT}/Manifest.lock",
			);
			name = "[CP] Check Pods Manifest.lock";
			outputPaths = (
				"$(DERIVED_FILE_DIR)/Pods-WeexBoxExample-checkManifestLockResult.txt",
			);
			runOnlyForDeploymentPostprocessing = 0;
			shellPath = /bin/sh;
			shellScript = "diff \"${PODS_PODFILE_DIR_PATH}/Podfile.lock\" \"${PODS_ROOT}/Manifest.lock\" > /dev/null\nif [ $? != 0 ] ; then\n    # print error to STDERR\n    echo \"error: The sandbox is not in sync with the Podfile.lock. Run 'pod install' or update your CocoaPods installation.\" >&2\n    exit 1\nfi\n# This output is used by Xcode 'outputs' to avoid re-running this script phase.\necho \"SUCCESS\" > \"${SCRIPT_OUTPUT_FILE_0}\"\n";
			showEnvVarsInLog = 0;
		};
		DB194D16E6B8FBB58A2E99AE /* [CP] Copy Pods Resources */ = {
			isa = PBXShellScriptBuildPhase;
			buildActionMask = 2147483647;
			files = (
			);
			inputPaths = (
				"${SRCROOT}/Pods/Target Support Files/Pods-WeexBoxExample/Pods-WeexBoxExample-resources.sh",
				"${PODS_ROOT}/TZImagePickerController/TZImagePickerController/TZImagePickerController/TZImagePickerController.bundle",
				"${PODS_ROOT}/WeexSDK/pre-build/native-bundle-main.js",
				"${PODS_ROOT}/WeexSDK/pre-build/weex-main-jsfm.js",
				"${PODS_ROOT}/WeexSDK/pre-build/weex-polyfill.js",
				"${PODS_ROOT}/WeexSDK/pre-build/weex-rax-api.js",
				"${PODS_ROOT}/WeexSDK/ios/sdk/WeexSDK/Resources/wx_load_error@3x.png",
			);
			name = "[CP] Copy Pods Resources";
			outputPaths = (
				"${TARGET_BUILD_DIR}/${UNLOCALIZED_RESOURCES_FOLDER_PATH}/TZImagePickerController.bundle",
				"${TARGET_BUILD_DIR}/${UNLOCALIZED_RESOURCES_FOLDER_PATH}/native-bundle-main.js",
				"${TARGET_BUILD_DIR}/${UNLOCALIZED_RESOURCES_FOLDER_PATH}/weex-main-jsfm.js",
				"${TARGET_BUILD_DIR}/${UNLOCALIZED_RESOURCES_FOLDER_PATH}/weex-polyfill.js",
				"${TARGET_BUILD_DIR}/${UNLOCALIZED_RESOURCES_FOLDER_PATH}/weex-rax-api.js",
				"${TARGET_BUILD_DIR}/${UNLOCALIZED_RESOURCES_FOLDER_PATH}/wx_load_error@3x.png",
			);
			runOnlyForDeploymentPostprocessing = 0;
			shellPath = /bin/sh;
			shellScript = "\"${SRCROOT}/Pods/Target Support Files/Pods-WeexBoxExample/Pods-WeexBoxExample-resources.sh\"\n";
			showEnvVarsInLog = 0;
		};
/* End PBXShellScriptBuildPhase section */

/* Begin PBXSourcesBuildPhase section */
		AC9CE8492133DF76007EF7F2 /* Sources */ = {
			isa = PBXSourcesBuildPhase;
			buildActionMask = 2147483647;
			files = (
				AC9CE8532133DF76007EF7F2 /* ViewController.swift in Sources */,
				ACF90ED9214A90E8000FDAB4 /* OCTest.m in Sources */,
				AC9CE8512133DF76007EF7F2 /* AppDelegate.swift in Sources */,
				ACF90EDB214B4C41000FDAB4 /* SwiftTest.swift in Sources */,
			);
			runOnlyForDeploymentPostprocessing = 0;
		};
/* End PBXSourcesBuildPhase section */

/* Begin PBXVariantGroup section */
		AC9CE8592133DF78007EF7F2 /* LaunchScreen.storyboard */ = {
			isa = PBXVariantGroup;
			children = (
				AC9CE85A2133DF78007EF7F2 /* Base */,
			);
			name = LaunchScreen.storyboard;
			sourceTree = "<group>";
		};
/* End PBXVariantGroup section */

/* Begin XCBuildConfiguration section */
		AC9CE85D2133DF78007EF7F2 /* Debug */ = {
			isa = XCBuildConfiguration;
			buildSettings = {
				ALWAYS_SEARCH_USER_PATHS = NO;
				CLANG_ANALYZER_NONNULL = YES;
				CLANG_ANALYZER_NUMBER_OBJECT_CONVERSION = YES_AGGRESSIVE;
				CLANG_CXX_LANGUAGE_STANDARD = "gnu++14";
				CLANG_CXX_LIBRARY = "libc++";
				CLANG_ENABLE_MODULES = YES;
				CLANG_ENABLE_OBJC_ARC = YES;
				CLANG_ENABLE_OBJC_WEAK = YES;
				CLANG_WARN_BLOCK_CAPTURE_AUTORELEASING = YES;
				CLANG_WARN_BOOL_CONVERSION = YES;
				CLANG_WARN_COMMA = YES;
				CLANG_WARN_CONSTANT_CONVERSION = YES;
				CLANG_WARN_DEPRECATED_OBJC_IMPLEMENTATIONS = YES;
				CLANG_WARN_DIRECT_OBJC_ISA_USAGE = YES_ERROR;
				CLANG_WARN_DOCUMENTATION_COMMENTS = YES;
				CLANG_WARN_EMPTY_BODY = YES;
				CLANG_WARN_ENUM_CONVERSION = YES;
				CLANG_WARN_INFINITE_RECURSION = YES;
				CLANG_WARN_INT_CONVERSION = YES;
				CLANG_WARN_NON_LITERAL_NULL_CONVERSION = YES;
				CLANG_WARN_OBJC_IMPLICIT_RETAIN_SELF = YES;
				CLANG_WARN_OBJC_LITERAL_CONVERSION = YES;
				CLANG_WARN_OBJC_ROOT_CLASS = YES_ERROR;
				CLANG_WARN_RANGE_LOOP_ANALYSIS = YES;
				CLANG_WARN_STRICT_PROTOTYPES = YES;
				CLANG_WARN_SUSPICIOUS_MOVE = YES;
				CLANG_WARN_UNGUARDED_AVAILABILITY = YES_AGGRESSIVE;
				CLANG_WARN_UNREACHABLE_CODE = YES;
				CLANG_WARN__DUPLICATE_METHOD_MATCH = YES;
				CODE_SIGN_IDENTITY = "iPhone Developer";
				COPY_PHASE_STRIP = NO;
				DEBUG_INFORMATION_FORMAT = dwarf;
				ENABLE_STRICT_OBJC_MSGSEND = YES;
				ENABLE_TESTABILITY = YES;
				GCC_C_LANGUAGE_STANDARD = gnu11;
				GCC_DYNAMIC_NO_PIC = NO;
				GCC_NO_COMMON_BLOCKS = YES;
				GCC_OPTIMIZATION_LEVEL = 0;
				GCC_PREPROCESSOR_DEFINITIONS = (
					"DEBUG=1",
					"$(inherited)",
				);
				GCC_WARN_64_TO_32_BIT_CONVERSION = YES;
				GCC_WARN_ABOUT_RETURN_TYPE = YES_ERROR;
				GCC_WARN_UNDECLARED_SELECTOR = YES;
				GCC_WARN_UNINITIALIZED_AUTOS = YES_AGGRESSIVE;
				GCC_WARN_UNUSED_FUNCTION = YES;
				GCC_WARN_UNUSED_VARIABLE = YES;
				IPHONEOS_DEPLOYMENT_TARGET = 11.4;
				MTL_ENABLE_DEBUG_INFO = YES;
				ONLY_ACTIVE_ARCH = YES;
				SDKROOT = iphoneos;
				SWIFT_ACTIVE_COMPILATION_CONDITIONS = DEBUG;
				SWIFT_INSTALL_OBJC_HEADER = NO;
				SWIFT_OPTIMIZATION_LEVEL = "-Onone";
				SWIFT_PRECOMPILE_BRIDGING_HEADER = NO;
				SWIFT_VERSION = 4.2;
			};
			name = Debug;
		};
		AC9CE85E2133DF78007EF7F2 /* Release */ = {
			isa = XCBuildConfiguration;
			buildSettings = {
				ALWAYS_SEARCH_USER_PATHS = NO;
				CLANG_ANALYZER_NONNULL = YES;
				CLANG_ANALYZER_NUMBER_OBJECT_CONVERSION = YES_AGGRESSIVE;
				CLANG_CXX_LANGUAGE_STANDARD = "gnu++14";
				CLANG_CXX_LIBRARY = "libc++";
				CLANG_ENABLE_MODULES = YES;
				CLANG_ENABLE_OBJC_ARC = YES;
				CLANG_ENABLE_OBJC_WEAK = YES;
				CLANG_WARN_BLOCK_CAPTURE_AUTORELEASING = YES;
				CLANG_WARN_BOOL_CONVERSION = YES;
				CLANG_WARN_COMMA = YES;
				CLANG_WARN_CONSTANT_CONVERSION = YES;
				CLANG_WARN_DEPRECATED_OBJC_IMPLEMENTATIONS = YES;
				CLANG_WARN_DIRECT_OBJC_ISA_USAGE = YES_ERROR;
				CLANG_WARN_DOCUMENTATION_COMMENTS = YES;
				CLANG_WARN_EMPTY_BODY = YES;
				CLANG_WARN_ENUM_CONVERSION = YES;
				CLANG_WARN_INFINITE_RECURSION = YES;
				CLANG_WARN_INT_CONVERSION = YES;
				CLANG_WARN_NON_LITERAL_NULL_CONVERSION = YES;
				CLANG_WARN_OBJC_IMPLICIT_RETAIN_SELF = YES;
				CLANG_WARN_OBJC_LITERAL_CONVERSION = YES;
				CLANG_WARN_OBJC_ROOT_CLASS = YES_ERROR;
				CLANG_WARN_RANGE_LOOP_ANALYSIS = YES;
				CLANG_WARN_STRICT_PROTOTYPES = YES;
				CLANG_WARN_SUSPICIOUS_MOVE = YES;
				CLANG_WARN_UNGUARDED_AVAILABILITY = YES_AGGRESSIVE;
				CLANG_WARN_UNREACHABLE_CODE = YES;
				CLANG_WARN__DUPLICATE_METHOD_MATCH = YES;
				CODE_SIGN_IDENTITY = "iPhone Developer";
				COPY_PHASE_STRIP = NO;
				DEBUG_INFORMATION_FORMAT = "dwarf-with-dsym";
				ENABLE_NS_ASSERTIONS = NO;
				ENABLE_STRICT_OBJC_MSGSEND = YES;
				GCC_C_LANGUAGE_STANDARD = gnu11;
				GCC_NO_COMMON_BLOCKS = YES;
				GCC_WARN_64_TO_32_BIT_CONVERSION = YES;
				GCC_WARN_ABOUT_RETURN_TYPE = YES_ERROR;
				GCC_WARN_UNDECLARED_SELECTOR = YES;
				GCC_WARN_UNINITIALIZED_AUTOS = YES_AGGRESSIVE;
				GCC_WARN_UNUSED_FUNCTION = YES;
				GCC_WARN_UNUSED_VARIABLE = YES;
				IPHONEOS_DEPLOYMENT_TARGET = 11.4;
				MTL_ENABLE_DEBUG_INFO = NO;
				SDKROOT = iphoneos;
				SWIFT_COMPILATION_MODE = wholemodule;
				SWIFT_INSTALL_OBJC_HEADER = NO;
				SWIFT_OPTIMIZATION_LEVEL = "-O";
				SWIFT_PRECOMPILE_BRIDGING_HEADER = NO;
				SWIFT_VERSION = 4.2;
				VALIDATE_PRODUCT = YES;
			};
			name = Release;
		};
		AC9CE8602133DF78007EF7F2 /* Debug */ = {
			isa = XCBuildConfiguration;
			baseConfigurationReference = 27F101CC5BC3872CE661F024 /* Pods-WeexBoxExample.debug.xcconfig */;
			buildSettings = {
				ALWAYS_SEARCH_USER_PATHS = NO;
				ASSETCATALOG_COMPILER_APPICON_NAME = AppIcon;
				CLANG_ENABLE_MODULES = YES;
				CODE_SIGN_IDENTITY = "iPhone Developer";
				CODE_SIGN_STYLE = Automatic;
				DEVELOPMENT_TEAM = "";
				HEADER_SEARCH_PATHS = (
					"$(inherited)",
					"\"${PODS_ROOT}/Headers/Public\"",
					"\"${PODS_ROOT}/Headers/Public/ATSDK-Weex\"",
					"\"${PODS_ROOT}/Headers/Public/BindingX\"",
					"\"${PODS_ROOT}/Headers/Public/HandyJSON\"",
					"\"${PODS_ROOT}/Headers/Public/RTRootNavigationController\"",
					"\"${PODS_ROOT}/Headers/Public/Realm\"",
					"\"${PODS_ROOT}/Headers/Public/SDWebImage\"",
					"\"${PODS_ROOT}/Headers/Public/SVProgressHUD\"",
					"\"${PODS_ROOT}/Headers/Public/SocketRocket\"",
					"\"${PODS_ROOT}/Headers/Public/TZImagePickerController\"",
					"\"${PODS_ROOT}/Headers/Public/WXDevtool\"",
					"\"${PODS_ROOT}/Headers/Public/WeexBox\"",
					"\"${PODS_ROOT}/Headers/Public/WeexPluginLoader\"",
					"\"${PODS_ROOT}/Headers/Public/WeexSDK\"",
					"\"${PODS_ROOT}/Headers/Public/Zip\"",
				);
				INFOPLIST_FILE = WeexBoxExample/Info.plist;
				LD_RUNPATH_SEARCH_PATHS = (
					"$(inherited)",
					"@executable_path/Frameworks",
				);
				PRODUCT_BUNDLE_IDENTIFIER = WeexBox.WeexBoxExample;
				PRODUCT_NAME = "$(TARGET_NAME)";
				PROVISIONING_PROFILE_SPECIFIER = "";
				SWIFT_OBJC_BRIDGING_HEADER = "WeexBoxExample/WeexBoxExample-Bridging-Header.h";
				SWIFT_OPTIMIZATION_LEVEL = "-Onone";
				SWIFT_VERSION = 4.2;
				TARGETED_DEVICE_FAMILY = "1,2";
				USER_HEADER_SEARCH_PATHS = "";
			};
			name = Debug;
		};
		AC9CE8612133DF78007EF7F2 /* Release */ = {
			isa = XCBuildConfiguration;
			baseConfigurationReference = 049815ECA562C1D30C195ECB /* Pods-WeexBoxExample.release.xcconfig */;
			buildSettings = {
				ALWAYS_SEARCH_USER_PATHS = NO;
				ASSETCATALOG_COMPILER_APPICON_NAME = AppIcon;
				CLANG_ENABLE_MODULES = YES;
				CODE_SIGN_IDENTITY = "iPhone Developer";
				CODE_SIGN_STYLE = Automatic;
				DEVELOPMENT_TEAM = "";
				HEADER_SEARCH_PATHS = (
					"$(inherited)",
					"\"${PODS_ROOT}/Headers/Public\"",
					"\"${PODS_ROOT}/Headers/Public/ATSDK-Weex\"",
					"\"${PODS_ROOT}/Headers/Public/BindingX\"",
					"\"${PODS_ROOT}/Headers/Public/HandyJSON\"",
					"\"${PODS_ROOT}/Headers/Public/RTRootNavigationController\"",
					"\"${PODS_ROOT}/Headers/Public/Realm\"",
					"\"${PODS_ROOT}/Headers/Public/SDWebImage\"",
					"\"${PODS_ROOT}/Headers/Public/SVProgressHUD\"",
					"\"${PODS_ROOT}/Headers/Public/SocketRocket\"",
					"\"${PODS_ROOT}/Headers/Public/TZImagePickerController\"",
					"\"${PODS_ROOT}/Headers/Public/WXDevtool\"",
					"\"${PODS_ROOT}/Headers/Public/WeexBox\"",
					"\"${PODS_ROOT}/Headers/Public/WeexPluginLoader\"",
					"\"${PODS_ROOT}/Headers/Public/WeexSDK\"",
					"\"${PODS_ROOT}/Headers/Public/Zip\"",
				);
				INFOPLIST_FILE = WeexBoxExample/Info.plist;
				LD_RUNPATH_SEARCH_PATHS = (
					"$(inherited)",
					"@executable_path/Frameworks",
				);
				PRODUCT_BUNDLE_IDENTIFIER = WeexBox.WeexBoxExample;
				PRODUCT_NAME = "$(TARGET_NAME)";
				PROVISIONING_PROFILE_SPECIFIER = "";
				SWIFT_OBJC_BRIDGING_HEADER = "WeexBoxExample/WeexBoxExample-Bridging-Header.h";
				SWIFT_VERSION = 4.2;
				TARGETED_DEVICE_FAMILY = "1,2";
				USER_HEADER_SEARCH_PATHS = "";
			};
			name = Release;
		};
/* End XCBuildConfiguration section */

/* Begin XCConfigurationList section */
		AC9CE8482133DF76007EF7F2 /* Build configuration list for PBXProject "WeexBoxExample" */ = {
			isa = XCConfigurationList;
			buildConfigurations = (
				AC9CE85D2133DF78007EF7F2 /* Debug */,
				AC9CE85E2133DF78007EF7F2 /* Release */,
			);
			defaultConfigurationIsVisible = 0;
			defaultConfigurationName = Release;
		};
		AC9CE85F2133DF78007EF7F2 /* Build configuration list for PBXNativeTarget "WeexBoxExample" */ = {
			isa = XCConfigurationList;
			buildConfigurations = (
				AC9CE8602133DF78007EF7F2 /* Debug */,
				AC9CE8612133DF78007EF7F2 /* Release */,
			);
			defaultConfigurationIsVisible = 0;
			defaultConfigurationName = Release;
		};
/* End XCConfigurationList section */
	};
	rootObject = AC9CE8452133DF76007EF7F2 /* Project object */;
}
